
Microsoft Visual Studio Solution File, Format Version 12.00
# Visual Studio 14
VisualStudioVersion = 14.0.25420.1
MinimumVisualStudioVersion = 10.0.40219.1
Project("{8BC9CEB8-8B4A-11D0-8D11-00A0C91BC942}") = "CrossEngine", "CrossEngine.vcxproj", "{F3C89080-B49C-4FAD-B788-2D22427E2AF9}"
EndProject
Project("{8BC9CEB8-8B4A-11D0-8D11-00A0C91BC942}") = "Image", "Image.vcxproj", "{9E400C16-418C-4B8F-BB00-8C5DE8CC3D2F}"
EndProject
Project("{8BC9CEB8-8B4A-11D0-8D11-00A0C91BC942}") = "Triangle", "..\..\UnitTesting\Triangle\Triangle.vcxproj", "{6BCA1616-5C21-4670-9746-7EB79A36748A}"
	ProjectSection(ProjectDependencies) = postProject
		{9E400C16-418C-4B8F-BB00-8C5DE8CC3D2F} = {9E400C16-418C-4B8F-BB00-8C5DE8CC3D2F}
		{F3C89080-B49C-4FAD-B788-2D22427E2AF9} = {F3C89080-B49C-4FAD-B788-2D22427E2AF9}
	EndProjectSection
EndProject
Project("{8BC9CEB8-8B4A-11D0-8D11-00A0C91BC942}") = "Texture", "..\..\UnitTesting\Texture\Texture.vcxproj", "{0CE401C3-22FB-4444-8B0D-0C5DAE08A5CC}"
	ProjectSection(ProjectDependencies) = postProject
		{9E400C16-418C-4B8F-BB00-8C5DE8CC3D2F} = {9E400C16-418C-4B8F-BB00-8C5DE8CC3D2F}
		{F3C89080-B49C-4FAD-B788-2D22427E2AF9} = {F3C89080-B49C-4FAD-B788-2D22427E2AF9}
	EndProjectSection
EndProject
Project("{8BC9CEB8-8B4A-11D0-8D11-00A0C91BC942}") = "MultiSampling", "..\..\UnitTesting\MultiSampling\MultiSampling.vcxproj", "{4D69C66A-DF4E-4620-9CD8-BAFE017E8A1C}"
	ProjectSection(ProjectDependencies) = postProject
		{9E400C16-418C-4B8F-BB00-8C5DE8CC3D2F} = {9E400C16-418C-4B8F-BB00-8C5DE8CC3D2F}
		{F3C89080-B49C-4FAD-B788-2D22427E2AF9} = {F3C89080-B49C-4FAD-B788-2D22427E2AF9}
	EndProjectSection
EndProject
Global
	GlobalSection(SolutionConfigurationPlatforms) = preSolution
		Debug|x64 = Debug|x64
		Debug|x86 = Debug|x86
		Release|x64 = Release|x64
		Release|x86 = Release|x86
	EndGlobalSection
	GlobalSection(ProjectConfigurationPlatforms) = postSolution
		{F3C89080-B49C-4FAD-B788-2D22427E2AF9}.Debug|x64.ActiveCfg = Debug|x64
		{F3C89080-B49C-4FAD-B788-2D22427E2AF9}.Debug|x64.Build.0 = Debug|x64
		{F3C89080-B49C-4FAD-B788-2D22427E2AF9}.Debug|x86.ActiveCfg = Debug|Win32
		{F3C89080-B49C-4FAD-B788-2D22427E2AF9}.Debug|x86.Build.0 = Debug|Win32
		{F3C89080-B49C-4FAD-B788-2D22427E2AF9}.Release|x64.ActiveCfg = Release|x64
		{F3C89080-B49C-4FAD-B788-2D22427E2AF9}.Release|x64.Build.0 = Release|x64
		{F3C89080-B49C-4FAD-B788-2D22427E2AF9}.Release|x86.ActiveCfg = Release|Win32
		{F3C89080-B49C-4FAD-B788-2D22427E2AF9}.Release|x86.Build.0 = Release|Win32
		{9E400C16-418C-4B8F-BB00-8C5DE8CC3D2F}.Debug|x64.ActiveCfg = Debug|x64
		{9E400C16-418C-4B8F-BB00-8C5DE8CC3D2F}.Debug|x64.Build.0 = Debug|x64
		{9E400C16-418C-4B8F-BB00-8C5DE8CC3D2F}.Debug|x86.ActiveCfg = Debug|Win32
		{9E400C16-418C-4B8F-BB00-8C5DE8CC3D2F}.Debug|x86.Build.0 = Debug|Win32
		{9E400C16-418C-4B8F-BB00-8C5DE8CC3D2F}.Release|x64.ActiveCfg = Release|x64
		{9E400C16-418C-4B8F-BB00-8C5DE8CC3D2F}.Release|x64.Build.0 = Release|x64
		{9E400C16-418C-4B8F-BB00-8C5DE8CC3D2F}.Release|x86.ActiveCfg = Release|Win32
		{9E400C16-418C-4B8F-BB00-8C5DE8CC3D2F}.Release|x86.Build.0 = Release|Win32
		{6BCA1616-5C21-4670-9746-7EB79A36748A}.Debug|x64.ActiveCfg = Debug|x64
		{6BCA1616-5C21-4670-9746-7EB79A36748A}.Debug|x64.Build.0 = Debug|x64
		{6BCA1616-5C21-4670-9746-7EB79A36748A}.Debug|x86.ActiveCfg = Debug|Win32
		{6BCA1616-5C21-4670-9746-7EB79A36748A}.Debug|x86.Build.0 = Debug|Win32
		{6BCA1616-5C21-4670-9746-7EB79A36748A}.Release|x64.ActiveCfg = Release|x64
		{6BCA1616-5C21-4670-9746-7EB79A36748A}.Release|x64.Build.0 = Release|x64
		{6BCA1616-5C21-4670-9746-7EB79A36748A}.Release|x86.ActiveCfg = Release|Win32
		{6BCA1616-5C21-4670-9746-7EB79A36748A}.Release|x86.Build.0 = Release|Win32
		{0CE401C3-22FB-4444-8B0D-0C5DAE08A5CC}.Debug|x64.ActiveCfg = Debug|x64
		{0CE401C3-22FB-4444-8B0D-0C5DAE08A5CC}.Debug|x64.Build.0 = Debug|x64
		{0CE401C3-22FB-4444-8B0D-0C5DAE08A5CC}.Debug|x86.ActiveCfg = Debug|Win32
		{0CE401C3-22FB-4444-8B0D-0C5DAE08A5CC}.Debug|x86.Build.0 = Debug|Win32
		{0CE401C3-22FB-4444-8B0D-0C5DAE08A5CC}.Release|x64.ActiveCfg = Release|x64
		{0CE401C3-22FB-4444-8B0D-0C5DAE08A5CC}.Release|x64.Build.0 = Release|x64
		{0CE401C3-22FB-4444-8B0D-0C5DAE08A5CC}.Release|x86.ActiveCfg = Release|Win32
		{0CE401C3-22FB-4444-8B0D-0C5DAE08A5CC}.Release|x86.Build.0 = Release|Win32
		{4D69C66A-DF4E-4620-9CD8-BAFE017E8A1C}.Debug|x64.ActiveCfg = Debug|x64
		{4D69C66A-DF4E-4620-9CD8-BAFE017E8A1C}.Debug|x64.Build.0 = Debug|x64
		{4D69C66A-DF4E-4620-9CD8-BAFE017E8A1C}.Debug|x86.ActiveCfg = Debug|Win32
		{4D69C66A-DF4E-4620-9CD8-BAFE017E8A1C}.Debug|x86.Build.0 = Debug|Win32
		{4D69C66A-DF4E-4620-9CD8-BAFE017E8A1C}.Release|x64.ActiveCfg = Release|x64
		{4D69C66A-DF4E-4620-9CD8-BAFE017E8A1C}.Release|x64.Build.0 = Release|x64
		{4D69C66A-DF4E-4620-9CD8-BAFE017E8A1C}.Release|x86.ActiveCfg = Release|Win32
		{4D69C66A-DF4E-4620-9CD8-BAFE017E8A1C}.Release|x86.Build.0 = Release|Win32
	EndGlobalSection
	GlobalSection(SolutionProperties) = preSolution
		HideSolutionNode = FALSE
	EndGlobalSection
EndGlobal
