
Microsoft Visual Studio Solution File, Format Version 12.00
# Visual Studio 15
VisualStudioVersion = 15.0.27428.2037
MinimumVisualStudioVersion = 10.0.40219.1
Project("{8BC9CEB8-8B4A-11D0-8D11-00A0C91BC942}") = "CrossEngine", "CrossEngine.vcxproj", "{F3C89080-B49C-4FAD-B788-2D22427E2AF9}"
EndProject
Project("{8BC9CEB8-8B4A-11D0-8D11-00A0C91BC942}") = "Image", "Image.vcxproj", "{9E400C16-418C-4B8F-BB00-8C5DE8CC3D2F}"
EndProject
Project("{2150E333-8FDC-42A3-9474-1A3956D46DE8}") = "TestUnits", "TestUnits", "{F3C37CE2-2F83-4309-BF99-CB7E12F128BD}"
EndProject
Project("{8BC9CEB8-8B4A-11D0-8D11-00A0C91BC942}") = "Mesh", "..\..\UnitTesting\Mesh\Mesh.vcxproj", "{421FB6A8-8F28-499B-B058-E6BA10181A05}"
	ProjectSection(ProjectDependencies) = postProject
		{F3C89080-B49C-4FAD-B788-2D22427E2AF9} = {F3C89080-B49C-4FAD-B788-2D22427E2AF9}
	EndProjectSection
EndProject
Global
	GlobalSection(SolutionConfigurationPlatforms) = preSolution
		Debug|x64 = Debug|x64
		Release|x64 = Release|x64
	EndGlobalSection
	GlobalSection(ProjectConfigurationPlatforms) = postSolution
		{F3C89080-B49C-4FAD-B788-2D22427E2AF9}.Debug|x64.ActiveCfg = Debug|x64
		{F3C89080-B49C-4FAD-B788-2D22427E2AF9}.Debug|x64.Build.0 = Debug|x64
		{F3C89080-B49C-4FAD-B788-2D22427E2AF9}.Release|x64.ActiveCfg = Release|x64
		{F3C89080-B49C-4FAD-B788-2D22427E2AF9}.Release|x64.Build.0 = Release|x64
		{9E400C16-418C-4B8F-BB00-8C5DE8CC3D2F}.Debug|x64.ActiveCfg = Debug|x64
		{9E400C16-418C-4B8F-BB00-8C5DE8CC3D2F}.Debug|x64.Build.0 = Debug|x64
		{9E400C16-418C-4B8F-BB00-8C5DE8CC3D2F}.Release|x64.ActiveCfg = Release|x64
		{9E400C16-418C-4B8F-BB00-8C5DE8CC3D2F}.Release|x64.Build.0 = Release|x64
		{421FB6A8-8F28-499B-B058-E6BA10181A05}.Debug|x64.ActiveCfg = Debug|x64
		{421FB6A8-8F28-499B-B058-E6BA10181A05}.Debug|x64.Build.0 = Debug|x64
		{421FB6A8-8F28-499B-B058-E6BA10181A05}.Release|x64.ActiveCfg = Release|x64
		{421FB6A8-8F28-499B-B058-E6BA10181A05}.Release|x64.Build.0 = Release|x64
	EndGlobalSection
	GlobalSection(SolutionProperties) = preSolution
		HideSolutionNode = FALSE
	EndGlobalSection
	GlobalSection(NestedProjects) = preSolution
		{421FB6A8-8F28-499B-B058-E6BA10181A05} = {F3C37CE2-2F83-4309-BF99-CB7E12F128BD}
	EndGlobalSection
	GlobalSection(ExtensibilityGlobals) = postSolution
		SolutionGuid = {8CCD9D0C-5F2E-4E11-BECA-6787DDEFB938}
	EndGlobalSection
EndGlobal
