<?xml version="1.0" encoding="utf-8"?>
<Project ToolsVersion="4.0" xmlns="http://schemas.microsoft.com/developer/msbuild/2003">
  <ItemGroup>
    <Filter Include="Dependencies">
      <UniqueIdentifier>{23902e0b-be8f-44f1-baaa-c4a761e4f3b2}</UniqueIdentifier>
    </Filter>
    <Filter Include="Engine">
      <UniqueIdentifier>{f2350c32-c30c-4d50-9921-a14e964817cd}</UniqueIdentifier>
    </Filter>
    <Filter Include="Media">
      <UniqueIdentifier>{915a80bf-5fad-44e7-ad31-ac19cc83f330}</UniqueIdentifier>
    </Filter>
    <Filter Include="Engine\Header Files">
      <UniqueIdentifier>{d9a9a39e-f57a-4ee4-8ff6-eed6700d3b06}</UniqueIdentifier>
    </Filter>
    <Filter Include="Engine\Source Files">
      <UniqueIdentifier>{b11178f3-2f99-433f-bc2a-03b80b468a8e}</UniqueIdentifier>
    </Filter>
    <Filter Include="Engine\Header Files\RenderSystem">
      <UniqueIdentifier>{510f3f13-6eaa-4e42-a930-190fe3163091}</UniqueIdentifier>
    </Filter>
    <Filter Include="Engine\Source Files\RenderSystem">
      <UniqueIdentifier>{63f43c32-8b53-476b-ab70-3af8e4e8ecae}</UniqueIdentifier>
    </Filter>
    <Filter Include="Dependencies\zlib">
      <UniqueIdentifier>{200008a1-94ab-4fc7-b196-d39c2202d1b2}</UniqueIdentifier>
    </Filter>
    <Filter Include="Dependencies\zzip">
      <UniqueIdentifier>{a7e1cc7a-4d07-4f19-ac3a-0341beabaeb7}</UniqueIdentifier>
    </Filter>
    <Filter Include="Dependencies\rbtree">
      <UniqueIdentifier>{3978cd0f-be01-46a5-ae00-5fa3bdaf39c2}</UniqueIdentifier>
    </Filter>
    <Filter Include="Dependencies\spirv-reflection">
      <UniqueIdentifier>{3a64550c-e4cc-42da-bf93-e3fce538344d}</UniqueIdentifier>
    </Filter>
    <Filter Include="Engine\Header Files\Core">
      <UniqueIdentifier>{6ebe1e9d-d2a2-4e04-8b05-18eb7bdc9b74}</UniqueIdentifier>
    </Filter>
    <Filter Include="Engine\Source Files\Core">
      <UniqueIdentifier>{e2a74ac6-b75f-47f8-8ec0-214ba6036352}</UniqueIdentifier>
    </Filter>
    <Filter Include="Engine\Source Files\Core\nvwa">
      <UniqueIdentifier>{cf99941d-bbdd-48ce-8884-247de2139269}</UniqueIdentifier>
    </Filter>
    <Filter Include="Engine\Header Files\RenderSystem\Renderer">
      <UniqueIdentifier>{13bb4008-8378-45ad-8ead-a7f3c7bc0cf5}</UniqueIdentifier>
    </Filter>
    <Filter Include="Engine\Source Files\RenderSystem\Renderer">
      <UniqueIdentifier>{e6dc9a8f-9e33-46d4-b043-6db3a10b27ff}</UniqueIdentifier>
    </Filter>
  </ItemGroup>
  <ItemGroup>
    <ClInclude Include="..\..\CrossEngine\include\CrossEngine.h">
      <Filter>Engine\Header Files</Filter>
    </ClInclude>
    <ClInclude Include="..\..\CrossEngine\src\_CrossEngine.h">
      <Filter>Engine\Source Files</Filter>
    </ClInclude>
    <ClInclude Include="..\..\Dependencies\rbtree\rbtree.h">
      <Filter>Dependencies\rbtree</Filter>
    </ClInclude>
    <ClInclude Include="..\..\CrossEngine\src\_CrossMemory.h">
      <Filter>Engine\Source Files</Filter>
    </ClInclude>
    <ClInclude Include="..\..\CrossEngine\include\Core\CrossC.h">
      <Filter>Engine\Header Files\Core</Filter>
    </ClInclude>
    <ClInclude Include="..\..\CrossEngine\include\Core\CrossDelegate.h">
      <Filter>Engine\Header Files\Core</Filter>
    </ClInclude>
    <ClInclude Include="..\..\CrossEngine\include\Core\CrossLog.h">
      <Filter>Engine\Header Files\Core</Filter>
    </ClInclude>
    <ClInclude Include="..\..\CrossEngine\include\Core\CrossMemory.h">
      <Filter>Engine\Header Files\Core</Filter>
    </ClInclude>
    <ClInclude Include="..\..\CrossEngine\include\Core\CrossStream.h">
      <Filter>Engine\Header Files\Core</Filter>
    </ClInclude>
    <ClInclude Include="..\..\CrossEngine\include\Core\CrossType.h">
      <Filter>Engine\Header Files\Core</Filter>
    </ClInclude>
    <ClInclude Include="..\..\CrossEngine\include\Core\CrossUtility.h">
      <Filter>Engine\Header Files\Core</Filter>
    </ClInclude>
    <ClInclude Include="..\..\CrossEngine\src\Core\nvwa\c++11.h">
      <Filter>Engine\Source Files\Core\nvwa</Filter>
    </ClInclude>
    <ClInclude Include="..\..\CrossEngine\src\Core\nvwa\debug_new.h">
      <Filter>Engine\Source Files\Core\nvwa</Filter>
    </ClInclude>
    <ClInclude Include="..\..\CrossEngine\src\Core\nvwa\fast_mutex.h">
      <Filter>Engine\Source Files\Core\nvwa</Filter>
    </ClInclude>
    <ClInclude Include="..\..\CrossEngine\src\Core\nvwa\static_assert.h">
      <Filter>Engine\Source Files\Core\nvwa</Filter>
    </ClInclude>
    <ClInclude Include="..\..\CrossEngine\include\RenderSystem\CrossRenderer.h">
      <Filter>Engine\Header Files\RenderSystem\Renderer</Filter>
    </ClInclude>
    <ClInclude Include="..\..\CrossEngine\include\RenderSystem\CrossRendererAllocator.h">
      <Filter>Engine\Header Files\RenderSystem\Renderer</Filter>
    </ClInclude>
    <ClInclude Include="..\..\CrossEngine\include\RenderSystem\CrossRendererBuffer.h">
      <Filter>Engine\Header Files\RenderSystem\Renderer</Filter>
    </ClInclude>
    <ClInclude Include="..\..\CrossEngine\include\RenderSystem\CrossRendererBufferManager.h">
      <Filter>Engine\Header Files\RenderSystem\Renderer</Filter>
    </ClInclude>
    <ClInclude Include="..\..\CrossEngine\include\RenderSystem\CrossRendererCommandBuffer.h">
      <Filter>Engine\Header Files\RenderSystem\Renderer</Filter>
    </ClInclude>
    <ClInclude Include="..\..\CrossEngine\include\RenderSystem\CrossRendererCommandBufferManager.h">
      <Filter>Engine\Header Files\RenderSystem\Renderer</Filter>
    </ClInclude>
    <ClInclude Include="..\..\CrossEngine\include\RenderSystem\CrossRendererCommandPool.h">
      <Filter>Engine\Header Files\RenderSystem\Renderer</Filter>
    </ClInclude>
    <ClInclude Include="..\..\CrossEngine\include\RenderSystem\CrossRendererDescriptorLayout.h">
      <Filter>Engine\Header Files\RenderSystem\Renderer</Filter>
    </ClInclude>
    <ClInclude Include="..\..\CrossEngine\include\RenderSystem\CrossRendererDescriptorLayoutManager.h">
      <Filter>Engine\Header Files\RenderSystem\Renderer</Filter>
    </ClInclude>
    <ClInclude Include="..\..\CrossEngine\include\RenderSystem\CrossRendererDescriptorPool.h">
      <Filter>Engine\Header Files\RenderSystem\Renderer</Filter>
    </ClInclude>
    <ClInclude Include="..\..\CrossEngine\include\RenderSystem\CrossRendererDescriptorSet.h">
      <Filter>Engine\Header Files\RenderSystem\Renderer</Filter>
    </ClInclude>
    <ClInclude Include="..\..\CrossEngine\include\RenderSystem\CrossRendererDescriptorSetManager.h">
      <Filter>Engine\Header Files\RenderSystem\Renderer</Filter>
    </ClInclude>
    <ClInclude Include="..\..\CrossEngine\include\RenderSystem\CrossRendererDevice.h">
      <Filter>Engine\Header Files\RenderSystem\Renderer</Filter>
    </ClInclude>
    <ClInclude Include="..\..\CrossEngine\include\RenderSystem\CrossRendererDeviceCompute.h">
      <Filter>Engine\Header Files\RenderSystem\Renderer</Filter>
    </ClInclude>
    <ClInclude Include="..\..\CrossEngine\include\RenderSystem\CrossRendererDeviceGraphics.h">
      <Filter>Engine\Header Files\RenderSystem\Renderer</Filter>
    </ClInclude>
    <ClInclude Include="..\..\CrossEngine\include\RenderSystem\CrossRendererFence.h">
      <Filter>Engine\Header Files\RenderSystem\Renderer</Filter>
    </ClInclude>
    <ClInclude Include="..\..\CrossEngine\include\RenderSystem\CrossRendererFenceManager.h">
      <Filter>Engine\Header Files\RenderSystem\Renderer</Filter>
    </ClInclude>
    <ClInclude Include="..\..\CrossEngine\include\RenderSystem\CrossRendererFrameBuffer.h">
      <Filter>Engine\Header Files\RenderSystem\Renderer</Filter>
    </ClInclude>
    <ClInclude Include="..\..\CrossEngine\include\RenderSystem\CrossRendererFrameBufferManager.h">
      <Filter>Engine\Header Files\RenderSystem\Renderer</Filter>
    </ClInclude>
    <ClInclude Include="..\..\CrossEngine\include\RenderSystem\CrossRendererHelper.h">
      <Filter>Engine\Header Files\RenderSystem\Renderer</Filter>
    </ClInclude>
    <ClInclude Include="..\..\CrossEngine\include\RenderSystem\CrossRendererImage.h">
      <Filter>Engine\Header Files\RenderSystem\Renderer</Filter>
    </ClInclude>
    <ClInclude Include="..\..\CrossEngine\include\RenderSystem\CrossRendererIndexBuffer.h">
      <Filter>Engine\Header Files\RenderSystem\Renderer</Filter>
    </ClInclude>
    <ClInclude Include="..\..\CrossEngine\include\RenderSystem\CrossRendererMemory.h">
      <Filter>Engine\Header Files\RenderSystem\Renderer</Filter>
    </ClInclude>
    <ClInclude Include="..\..\CrossEngine\include\RenderSystem\CrossRendererMemoryAllocator.h">
      <Filter>Engine\Header Files\RenderSystem\Renderer</Filter>
    </ClInclude>
    <ClInclude Include="..\..\CrossEngine\include\RenderSystem\CrossRendererMemoryManager.h">
      <Filter>Engine\Header Files\RenderSystem\Renderer</Filter>
    </ClInclude>
    <ClInclude Include="..\..\CrossEngine\include\RenderSystem\CrossRendererPipeline.h">
      <Filter>Engine\Header Files\RenderSystem\Renderer</Filter>
    </ClInclude>
    <ClInclude Include="..\..\CrossEngine\include\RenderSystem\CrossRendererPipelineCompute.h">
      <Filter>Engine\Header Files\RenderSystem\Renderer</Filter>
    </ClInclude>
    <ClInclude Include="..\..\CrossEngine\include\RenderSystem\CrossRendererPipelineGraphics.h">
      <Filter>Engine\Header Files\RenderSystem\Renderer</Filter>
    </ClInclude>
    <ClInclude Include="..\..\CrossEngine\include\RenderSystem\CrossRendererPipelineManager.h">
      <Filter>Engine\Header Files\RenderSystem\Renderer</Filter>
    </ClInclude>
    <ClInclude Include="..\..\CrossEngine\include\RenderSystem\CrossRendererQueue.h">
      <Filter>Engine\Header Files\RenderSystem\Renderer</Filter>
    </ClInclude>
    <ClInclude Include="..\..\CrossEngine\include\RenderSystem\CrossRendererRenderPass.h">
      <Filter>Engine\Header Files\RenderSystem\Renderer</Filter>
    </ClInclude>
    <ClInclude Include="..\..\CrossEngine\include\RenderSystem\CrossRendererRenderPassManager.h">
      <Filter>Engine\Header Files\RenderSystem\Renderer</Filter>
    </ClInclude>
    <ClInclude Include="..\..\CrossEngine\include\RenderSystem\CrossRendererRenderTexture.h">
      <Filter>Engine\Header Files\RenderSystem\Renderer</Filter>
    </ClInclude>
    <ClInclude Include="..\..\CrossEngine\include\RenderSystem\CrossRendererResource.h">
      <Filter>Engine\Header Files\RenderSystem\Renderer</Filter>
    </ClInclude>
    <ClInclude Include="..\..\CrossEngine\include\RenderSystem\CrossRendererResourceManager.h">
      <Filter>Engine\Header Files\RenderSystem\Renderer</Filter>
    </ClInclude>
    <ClInclude Include="..\..\CrossEngine\include\RenderSystem\CrossRendererSampler.h">
      <Filter>Engine\Header Files\RenderSystem\Renderer</Filter>
    </ClInclude>
    <ClInclude Include="..\..\CrossEngine\include\RenderSystem\CrossRendererSamplerManager.h">
      <Filter>Engine\Header Files\RenderSystem\Renderer</Filter>
    </ClInclude>
    <ClInclude Include="..\..\CrossEngine\include\RenderSystem\CrossRendererSemaphore.h">
      <Filter>Engine\Header Files\RenderSystem\Renderer</Filter>
    </ClInclude>
    <ClInclude Include="..\..\CrossEngine\include\RenderSystem\CrossRendererSemaphoreManager.h">
      <Filter>Engine\Header Files\RenderSystem\Renderer</Filter>
    </ClInclude>
    <ClInclude Include="..\..\CrossEngine\include\RenderSystem\CrossRendererShader.h">
      <Filter>Engine\Header Files\RenderSystem\Renderer</Filter>
    </ClInclude>
    <ClInclude Include="..\..\CrossEngine\include\RenderSystem\CrossRendererShaderManager.h">
      <Filter>Engine\Header Files\RenderSystem\Renderer</Filter>
    </ClInclude>
    <ClInclude Include="..\..\CrossEngine\include\RenderSystem\CrossRendererStagingBuffer.h">
      <Filter>Engine\Header Files\RenderSystem\Renderer</Filter>
    </ClInclude>
    <ClInclude Include="..\..\CrossEngine\include\RenderSystem\CrossRendererStagingBufferManager.h">
      <Filter>Engine\Header Files\RenderSystem\Renderer</Filter>
    </ClInclude>
    <ClInclude Include="..\..\CrossEngine\include\RenderSystem\CrossRendererSwapchain.h">
      <Filter>Engine\Header Files\RenderSystem\Renderer</Filter>
    </ClInclude>
    <ClInclude Include="..\..\CrossEngine\include\RenderSystem\CrossRendererTexture.h">
      <Filter>Engine\Header Files\RenderSystem\Renderer</Filter>
    </ClInclude>
    <ClInclude Include="..\..\CrossEngine\include\RenderSystem\CrossRendererTextureManager.h">
      <Filter>Engine\Header Files\RenderSystem\Renderer</Filter>
    </ClInclude>
    <ClInclude Include="..\..\CrossEngine\include\RenderSystem\CrossRendererUniformBuffer.h">
      <Filter>Engine\Header Files\RenderSystem\Renderer</Filter>
    </ClInclude>
    <ClInclude Include="..\..\CrossEngine\include\RenderSystem\CrossRendererVertexBuffer.h">
      <Filter>Engine\Header Files\RenderSystem\Renderer</Filter>
    </ClInclude>
  </ItemGroup>
  <ItemGroup>
    <ClCompile Include="..\..\Dependencies\zzip\dir.c">
      <Filter>Dependencies\zzip</Filter>
    </ClCompile>
    <ClCompile Include="..\..\Dependencies\zzip\err.c">
      <Filter>Dependencies\zzip</Filter>
    </ClCompile>
    <ClCompile Include="..\..\Dependencies\zzip\fetch.c">
      <Filter>Dependencies\zzip</Filter>
    </ClCompile>
    <ClCompile Include="..\..\Dependencies\zzip\file.c">
      <Filter>Dependencies\zzip</Filter>
    </ClCompile>
    <ClCompile Include="..\..\Dependencies\zzip\info.c">
      <Filter>Dependencies\zzip</Filter>
    </ClCompile>
    <ClCompile Include="..\..\Dependencies\zzip\plugin.c">
      <Filter>Dependencies\zzip</Filter>
    </ClCompile>
    <ClCompile Include="..\..\Dependencies\zzip\stat.c">
      <Filter>Dependencies\zzip</Filter>
    </ClCompile>
    <ClCompile Include="..\..\Dependencies\zzip\zip.c">
      <Filter>Dependencies\zzip</Filter>
    </ClCompile>
    <ClCompile Include="..\..\Dependencies\zlib\adler32.c">
      <Filter>Dependencies\zlib</Filter>
    </ClCompile>
    <ClCompile Include="..\..\Dependencies\zlib\compress.c">
      <Filter>Dependencies\zlib</Filter>
    </ClCompile>
    <ClCompile Include="..\..\Dependencies\zlib\crc32.c">
      <Filter>Dependencies\zlib</Filter>
    </ClCompile>
    <ClCompile Include="..\..\Dependencies\zlib\deflate.c">
      <Filter>Dependencies\zlib</Filter>
    </ClCompile>
    <ClCompile Include="..\..\Dependencies\zlib\gzclose.c">
      <Filter>Dependencies\zlib</Filter>
    </ClCompile>
    <ClCompile Include="..\..\Dependencies\zlib\gzlib.c">
      <Filter>Dependencies\zlib</Filter>
    </ClCompile>
    <ClCompile Include="..\..\Dependencies\zlib\gzread.c">
      <Filter>Dependencies\zlib</Filter>
    </ClCompile>
    <ClCompile Include="..\..\Dependencies\zlib\gzwrite.c">
      <Filter>Dependencies\zlib</Filter>
    </ClCompile>
    <ClCompile Include="..\..\Dependencies\zlib\infback.c">
      <Filter>Dependencies\zlib</Filter>
    </ClCompile>
    <ClCompile Include="..\..\Dependencies\zlib\inffast.c">
      <Filter>Dependencies\zlib</Filter>
    </ClCompile>
    <ClCompile Include="..\..\Dependencies\zlib\inflate.c">
      <Filter>Dependencies\zlib</Filter>
    </ClCompile>
    <ClCompile Include="..\..\Dependencies\zlib\inftrees.c">
      <Filter>Dependencies\zlib</Filter>
    </ClCompile>
    <ClCompile Include="..\..\Dependencies\zlib\trees.c">
      <Filter>Dependencies\zlib</Filter>
    </ClCompile>
    <ClCompile Include="..\..\Dependencies\zlib\uncompr.c">
      <Filter>Dependencies\zlib</Filter>
    </ClCompile>
    <ClCompile Include="..\..\Dependencies\zlib\zutil.c">
      <Filter>Dependencies\zlib</Filter>
    </ClCompile>
    <ClCompile Include="..\..\Dependencies\rbtree\rbtree.cpp">
      <Filter>Dependencies\rbtree</Filter>
    </ClCompile>
    <ClCompile Include="..\..\Dependencies\spirv-reflection\analyzer.cpp">
      <Filter>Dependencies\spirv-reflection</Filter>
    </ClCompile>
    <ClCompile Include="..\..\CrossEngine\src\Core\nvwa\debug_new.cpp">
      <Filter>Engine\Source Files\Core\nvwa</Filter>
    </ClCompile>
    <ClCompile Include="..\..\CrossEngine\src\Core\nvwa\operator_new.cpp">
      <Filter>Engine\Source Files\Core\nvwa</Filter>
    </ClCompile>
    <ClCompile Include="..\..\CrossEngine\src\Core\CrossC.cpp">
      <Filter>Engine\Source Files\Core</Filter>
    </ClCompile>
    <ClCompile Include="..\..\CrossEngine\src\Core\CrossLog.cpp">
      <Filter>Engine\Source Files\Core</Filter>
    </ClCompile>
    <ClCompile Include="..\..\CrossEngine\src\Core\CrossMemory.cpp">
      <Filter>Engine\Source Files\Core</Filter>
    </ClCompile>
    <ClCompile Include="..\..\CrossEngine\src\Core\CrossMemoryHeap.cpp">
      <Filter>Engine\Source Files\Core</Filter>
    </ClCompile>
    <ClCompile Include="..\..\CrossEngine\src\Core\CrossMemoryPool.cpp">
      <Filter>Engine\Source Files\Core</Filter>
    </ClCompile>
    <ClCompile Include="..\..\CrossEngine\src\Core\CrossMemoryStack.cpp">
      <Filter>Engine\Source Files\Core</Filter>
    </ClCompile>
    <ClCompile Include="..\..\CrossEngine\src\Core\CrossMemorySystem.cpp">
      <Filter>Engine\Source Files\Core</Filter>
    </ClCompile>
    <ClCompile Include="..\..\CrossEngine\src\Core\CrossStream.cpp">
      <Filter>Engine\Source Files\Core</Filter>
    </ClCompile>
    <ClCompile Include="..\..\CrossEngine\src\Core\CrossUtility.cpp">
      <Filter>Engine\Source Files\Core</Filter>
    </ClCompile>
    <ClCompile Include="..\..\CrossEngine\src\RenderSystem\CrossRenderer.cpp">
      <Filter>Engine\Source Files\RenderSystem\Renderer</Filter>
    </ClCompile>
    <ClCompile Include="..\..\CrossEngine\src\RenderSystem\CrossRendererAllocator.cpp">
      <Filter>Engine\Source Files\RenderSystem\Renderer</Filter>
    </ClCompile>
    <ClCompile Include="..\..\CrossEngine\src\RenderSystem\CrossRendererBuffer.cpp">
      <Filter>Engine\Source Files\RenderSystem\Renderer</Filter>
    </ClCompile>
    <ClCompile Include="..\..\CrossEngine\src\RenderSystem\CrossRendererBufferManager.cpp">
      <Filter>Engine\Source Files\RenderSystem\Renderer</Filter>
    </ClCompile>
    <ClCompile Include="..\..\CrossEngine\src\RenderSystem\CrossRendererCommandBuffer.cpp">
      <Filter>Engine\Source Files\RenderSystem\Renderer</Filter>
    </ClCompile>
    <ClCompile Include="..\..\CrossEngine\src\RenderSystem\CrossRendererCommandBufferManager.cpp">
      <Filter>Engine\Source Files\RenderSystem\Renderer</Filter>
    </ClCompile>
    <ClCompile Include="..\..\CrossEngine\src\RenderSystem\CrossRendererCommandPool.cpp">
      <Filter>Engine\Source Files\RenderSystem\Renderer</Filter>
    </ClCompile>
    <ClCompile Include="..\..\CrossEngine\src\RenderSystem\CrossRendererDescriptorLayout.cpp">
      <Filter>Engine\Source Files\RenderSystem\Renderer</Filter>
    </ClCompile>
    <ClCompile Include="..\..\CrossEngine\src\RenderSystem\CrossRendererDescriptorLayoutManager.cpp">
      <Filter>Engine\Source Files\RenderSystem\Renderer</Filter>
    </ClCompile>
    <ClCompile Include="..\..\CrossEngine\src\RenderSystem\CrossRendererDescriptorPool.cpp">
      <Filter>Engine\Source Files\RenderSystem\Renderer</Filter>
    </ClCompile>
    <ClCompile Include="..\..\CrossEngine\src\RenderSystem\CrossRendererDescriptorSet.cpp">
      <Filter>Engine\Source Files\RenderSystem\Renderer</Filter>
    </ClCompile>
    <ClCompile Include="..\..\CrossEngine\src\RenderSystem\CrossRendererDescriptorSetManager.cpp">
      <Filter>Engine\Source Files\RenderSystem\Renderer</Filter>
    </ClCompile>
    <ClCompile Include="..\..\CrossEngine\src\RenderSystem\CrossRendererDevice.cpp">
      <Filter>Engine\Source Files\RenderSystem\Renderer</Filter>
    </ClCompile>
    <ClCompile Include="..\..\CrossEngine\src\RenderSystem\CrossRendererDeviceCompute.cpp">
      <Filter>Engine\Source Files\RenderSystem\Renderer</Filter>
    </ClCompile>
    <ClCompile Include="..\..\CrossEngine\src\RenderSystem\CrossRendererDeviceGraphics.cpp">
      <Filter>Engine\Source Files\RenderSystem\Renderer</Filter>
    </ClCompile>
    <ClCompile Include="..\..\CrossEngine\src\RenderSystem\CrossRendererDeviceVertex.cpp">
      <Filter>Engine\Source Files\RenderSystem\Renderer</Filter>
    </ClCompile>
    <ClCompile Include="..\..\CrossEngine\src\RenderSystem\CrossRendererFence.cpp">
      <Filter>Engine\Source Files\RenderSystem\Renderer</Filter>
    </ClCompile>
    <ClCompile Include="..\..\CrossEngine\src\RenderSystem\CrossRendererFenceManager.cpp">
      <Filter>Engine\Source Files\RenderSystem\Renderer</Filter>
    </ClCompile>
    <ClCompile Include="..\..\CrossEngine\src\RenderSystem\CrossRendererFrameBuffer.cpp">
      <Filter>Engine\Source Files\RenderSystem\Renderer</Filter>
    </ClCompile>
    <ClCompile Include="..\..\CrossEngine\src\RenderSystem\CrossRendererFrameBufferManager.cpp">
      <Filter>Engine\Source Files\RenderSystem\Renderer</Filter>
    </ClCompile>
    <ClCompile Include="..\..\CrossEngine\src\RenderSystem\CrossRendererHelper.cpp">
      <Filter>Engine\Source Files\RenderSystem\Renderer</Filter>
    </ClCompile>
    <ClCompile Include="..\..\CrossEngine\src\RenderSystem\CrossRendererImage.cpp">
      <Filter>Engine\Source Files\RenderSystem\Renderer</Filter>
    </ClCompile>
    <ClCompile Include="..\..\CrossEngine\src\RenderSystem\CrossRendererIndexBuffer.cpp">
      <Filter>Engine\Source Files\RenderSystem\Renderer</Filter>
    </ClCompile>
    <ClCompile Include="..\..\CrossEngine\src\RenderSystem\CrossRendererMemory.cpp">
      <Filter>Engine\Source Files\RenderSystem\Renderer</Filter>
    </ClCompile>
    <ClCompile Include="..\..\CrossEngine\src\RenderSystem\CrossRendererMemoryAllocator.cpp">
      <Filter>Engine\Source Files\RenderSystem\Renderer</Filter>
    </ClCompile>
    <ClCompile Include="..\..\CrossEngine\src\RenderSystem\CrossRendererMemoryManager.cpp">
      <Filter>Engine\Source Files\RenderSystem\Renderer</Filter>
    </ClCompile>
    <ClCompile Include="..\..\CrossEngine\src\RenderSystem\CrossRendererPipeline.cpp">
      <Filter>Engine\Source Files\RenderSystem\Renderer</Filter>
    </ClCompile>
    <ClCompile Include="..\..\CrossEngine\src\RenderSystem\CrossRendererPipelineCompute.cpp">
      <Filter>Engine\Source Files\RenderSystem\Renderer</Filter>
    </ClCompile>
    <ClCompile Include="..\..\CrossEngine\src\RenderSystem\CrossRendererPipelineGraphics.cpp">
      <Filter>Engine\Source Files\RenderSystem\Renderer</Filter>
    </ClCompile>
    <ClCompile Include="..\..\CrossEngine\src\RenderSystem\CrossRendererPipelineManager.cpp">
      <Filter>Engine\Source Files\RenderSystem\Renderer</Filter>
    </ClCompile>
    <ClCompile Include="..\..\CrossEngine\src\RenderSystem\CrossRendererQueue.cpp">
      <Filter>Engine\Source Files\RenderSystem\Renderer</Filter>
    </ClCompile>
    <ClCompile Include="..\..\CrossEngine\src\RenderSystem\CrossRendererRenderPass.cpp">
      <Filter>Engine\Source Files\RenderSystem\Renderer</Filter>
    </ClCompile>
    <ClCompile Include="..\..\CrossEngine\src\RenderSystem\CrossRendererRenderPassManager.cpp">
      <Filter>Engine\Source Files\RenderSystem\Renderer</Filter>
    </ClCompile>
    <ClCompile Include="..\..\CrossEngine\src\RenderSystem\CrossRendererRenderTexture.cpp">
      <Filter>Engine\Source Files\RenderSystem\Renderer</Filter>
    </ClCompile>
    <ClCompile Include="..\..\CrossEngine\src\RenderSystem\CrossRendererResource.cpp">
      <Filter>Engine\Source Files\RenderSystem\Renderer</Filter>
    </ClCompile>
    <ClCompile Include="..\..\CrossEngine\src\RenderSystem\CrossRendererResourceManager.cpp">
      <Filter>Engine\Source Files\RenderSystem\Renderer</Filter>
    </ClCompile>
    <ClCompile Include="..\..\CrossEngine\src\RenderSystem\CrossRendererSampler.cpp">
      <Filter>Engine\Source Files\RenderSystem\Renderer</Filter>
    </ClCompile>
    <ClCompile Include="..\..\CrossEngine\src\RenderSystem\CrossRendererSamplerManager.cpp">
      <Filter>Engine\Source Files\RenderSystem\Renderer</Filter>
    </ClCompile>
    <ClCompile Include="..\..\CrossEngine\src\RenderSystem\CrossRendererSemaphore.cpp">
      <Filter>Engine\Source Files\RenderSystem\Renderer</Filter>
    </ClCompile>
    <ClCompile Include="..\..\CrossEngine\src\RenderSystem\CrossRendererSemaphoreManager.cpp">
      <Filter>Engine\Source Files\RenderSystem\Renderer</Filter>
    </ClCompile>
    <ClCompile Include="..\..\CrossEngine\src\RenderSystem\CrossRendererShader.cpp">
      <Filter>Engine\Source Files\RenderSystem\Renderer</Filter>
    </ClCompile>
    <ClCompile Include="..\..\CrossEngine\src\RenderSystem\CrossRendererShaderManager.cpp">
      <Filter>Engine\Source Files\RenderSystem\Renderer</Filter>
    </ClCompile>
    <ClCompile Include="..\..\CrossEngine\src\RenderSystem\CrossRendererStagingBuffer.cpp">
      <Filter>Engine\Source Files\RenderSystem\Renderer</Filter>
    </ClCompile>
    <ClCompile Include="..\..\CrossEngine\src\RenderSystem\CrossRendererStagingBufferManager.cpp">
      <Filter>Engine\Source Files\RenderSystem\Renderer</Filter>
    </ClCompile>
    <ClCompile Include="..\..\CrossEngine\src\RenderSystem\CrossRendererSwapchain.cpp">
      <Filter>Engine\Source Files\RenderSystem\Renderer</Filter>
    </ClCompile>
    <ClCompile Include="..\..\CrossEngine\src\RenderSystem\CrossRendererTexture.cpp">
      <Filter>Engine\Source Files\RenderSystem\Renderer</Filter>
    </ClCompile>
    <ClCompile Include="..\..\CrossEngine\src\RenderSystem\CrossRendererTextureManager.cpp">
      <Filter>Engine\Source Files\RenderSystem\Renderer</Filter>
    </ClCompile>
    <ClCompile Include="..\..\CrossEngine\src\RenderSystem\CrossRendererUniformBuffer.cpp">
      <Filter>Engine\Source Files\RenderSystem\Renderer</Filter>
    </ClCompile>
    <ClCompile Include="..\..\CrossEngine\src\RenderSystem\CrossRendererVertexBuffer.cpp">
      <Filter>Engine\Source Files\RenderSystem\Renderer</Filter>
    </ClCompile>
  </ItemGroup>
</Project>