<?xml version="1.0" encoding="utf-8"?>
<Project ToolsVersion="4.0" xmlns="http://schemas.microsoft.com/developer/msbuild/2003">
  <ItemGroup>
    <Filter Include="Dependencies">
      <UniqueIdentifier>{23902e0b-be8f-44f1-baaa-c4a761e4f3b2}</UniqueIdentifier>
    </Filter>
    <Filter Include="Engine">
      <UniqueIdentifier>{f2350c32-c30c-4d50-9921-a14e964817cd}</UniqueIdentifier>
    </Filter>
    <Filter Include="Media">
      <UniqueIdentifier>{915a80bf-5fad-44e7-ad31-ac19cc83f330}</UniqueIdentifier>
    </Filter>
    <Filter Include="Engine\Header Files">
      <UniqueIdentifier>{d9a9a39e-f57a-4ee4-8ff6-eed6700d3b06}</UniqueIdentifier>
    </Filter>
    <Filter Include="Engine\Source Files">
      <UniqueIdentifier>{b11178f3-2f99-433f-bc2a-03b80b468a8e}</UniqueIdentifier>
    </Filter>
    <Filter Include="Engine\Header Files\RenderSystem">
      <UniqueIdentifier>{510f3f13-6eaa-4e42-a930-190fe3163091}</UniqueIdentifier>
    </Filter>
    <Filter Include="Engine\Source Files\RenderSystem">
      <UniqueIdentifier>{63f43c32-8b53-476b-ab70-3af8e4e8ecae}</UniqueIdentifier>
    </Filter>
    <Filter Include="Dependencies\zlib">
      <UniqueIdentifier>{200008a1-94ab-4fc7-b196-d39c2202d1b2}</UniqueIdentifier>
    </Filter>
    <Filter Include="Dependencies\zzip">
      <UniqueIdentifier>{a7e1cc7a-4d07-4f19-ac3a-0341beabaeb7}</UniqueIdentifier>
    </Filter>
    <Filter Include="Dependencies\rbtree">
      <UniqueIdentifier>{3978cd0f-be01-46a5-ae00-5fa3bdaf39c2}</UniqueIdentifier>
    </Filter>
    <Filter Include="Engine\Header Files\Core">
      <UniqueIdentifier>{6ebe1e9d-d2a2-4e04-8b05-18eb7bdc9b74}</UniqueIdentifier>
    </Filter>
    <Filter Include="Engine\Source Files\Core">
      <UniqueIdentifier>{e2a74ac6-b75f-47f8-8ec0-214ba6036352}</UniqueIdentifier>
    </Filter>
    <Filter Include="Engine\Source Files\Core\nvwa">
      <UniqueIdentifier>{cf99941d-bbdd-48ce-8884-247de2139269}</UniqueIdentifier>
    </Filter>
    <Filter Include="Engine\Header Files\ResourceSystem">
      <UniqueIdentifier>{548e88fe-4124-4ea2-976d-a3b1c7d5c7fb}</UniqueIdentifier>
    </Filter>
    <Filter Include="Engine\Source Files\ResourceSystem">
      <UniqueIdentifier>{5a31682b-2191-41a7-8a1f-6332b6e1ada9}</UniqueIdentifier>
    </Filter>
    <Filter Include="Engine\Header Files\RenderSystem\RenderVulkan">
      <UniqueIdentifier>{247a38ca-6a84-4dc1-a408-01c3b3fa28b6}</UniqueIdentifier>
    </Filter>
    <Filter Include="Engine\Source Files\RenderSystem\RenderVulkan">
      <UniqueIdentifier>{d83b3d27-7d9d-48e9-aa98-cb92ce2110d4}</UniqueIdentifier>
    </Filter>
    <Filter Include="Engine\Header Files\RenderSystem\RenderAPI">
      <UniqueIdentifier>{c584f00d-3e38-4ed3-9ddf-4add5f2c7203}</UniqueIdentifier>
    </Filter>
    <Filter Include="Engine\Header Files\RenderSystem\RenderVulkan\Core">
      <UniqueIdentifier>{fe762e48-f0ed-4425-8e10-7d79cea386ab}</UniqueIdentifier>
    </Filter>
    <Filter Include="Engine\Header Files\RenderSystem\RenderVulkan\Resource">
      <UniqueIdentifier>{8e93c82f-c3b7-4862-a5cb-2e6399d40ebd}</UniqueIdentifier>
    </Filter>
    <Filter Include="Engine\Source Files\RenderSystem\RenderVulkan\Core">
      <UniqueIdentifier>{c3c3e2e9-68d8-4f09-9a71-90f8f3daf32c}</UniqueIdentifier>
    </Filter>
    <Filter Include="Engine\Source Files\RenderSystem\RenderVulkan\Resource">
      <UniqueIdentifier>{684b47ff-f182-4013-adc3-20af73bddaf0}</UniqueIdentifier>
    </Filter>
    <Filter Include="Engine\Source Files\RenderSystem\RenderAPI">
      <UniqueIdentifier>{1f185c14-053d-4248-ba4a-3885bffa2567}</UniqueIdentifier>
    </Filter>
    <Filter Include="Dependencies\event">
      <UniqueIdentifier>{6cbbed3b-7c01-40b7-89c4-5a000587246b}</UniqueIdentifier>
    </Filter>
    <Filter Include="Dependencies\glew">
      <UniqueIdentifier>{dc1b15cf-eb42-4f37-84e5-2a0bf9e20604}</UniqueIdentifier>
    </Filter>
    <Filter Include="Dependencies\spirv-cross">
      <UniqueIdentifier>{faa1e337-e1fd-4642-9cb5-6a63be4bf763}</UniqueIdentifier>
    </Filter>
    <Filter Include="Engine\Source Files\RenderSystem\glslc">
      <UniqueIdentifier>{41a61cc5-efc9-4c70-9529-f8d11b48bf9e}</UniqueIdentifier>
    </Filter>
    <Filter Include="Engine\Header Files\RenderSystem\glslc">
      <UniqueIdentifier>{4b4554b8-1cd7-4e18-ada1-f3c64fd4981f}</UniqueIdentifier>
    </Filter>
    <Filter Include="Engine\Header Files\EntitySystem">
      <UniqueIdentifier>{5caa4344-0454-4fb7-b88a-e7524b54833a}</UniqueIdentifier>
    </Filter>
    <Filter Include="Engine\Source Files\EntitySystem">
      <UniqueIdentifier>{a527213a-7e67-4bf4-8853-e77804af4b33}</UniqueIdentifier>
    </Filter>
    <Filter Include="Dependencies\tinyxml">
      <UniqueIdentifier>{6ffbf751-2b73-4f12-a732-a4b60e5771c3}</UniqueIdentifier>
    </Filter>
    <Filter Include="Engine\Header Files\RenderSystem\RenderGLES3">
      <UniqueIdentifier>{5eb48ab6-19f1-4b0c-afbf-86cb9372b254}</UniqueIdentifier>
    </Filter>
    <Filter Include="Engine\Header Files\RenderSystem\RenderGLES3\Core">
      <UniqueIdentifier>{0e648199-6a42-4c28-9a57-3ff2ecc55f14}</UniqueIdentifier>
    </Filter>
    <Filter Include="Engine\Header Files\RenderSystem\RenderGLES3\Core\GLES3">
      <UniqueIdentifier>{3bcb1458-29f8-4e3a-9316-ce1fc556d8f2}</UniqueIdentifier>
    </Filter>
    <Filter Include="Engine\Header Files\RenderSystem\RenderGLES3\Resource">
      <UniqueIdentifier>{a16dbe5d-da45-4602-9181-54eb81e48df6}</UniqueIdentifier>
    </Filter>
    <Filter Include="Engine\Source Files\RenderSystem\RenderGLES3">
      <UniqueIdentifier>{b5cb3f23-bb89-46c2-b932-10d8cac510e8}</UniqueIdentifier>
    </Filter>
    <Filter Include="Engine\Source Files\RenderSystem\RenderGLES3\Core">
      <UniqueIdentifier>{ab347b6c-4805-40bc-82c5-52e04e9c49ac}</UniqueIdentifier>
    </Filter>
    <Filter Include="Engine\Source Files\RenderSystem\RenderGLES3\Resource">
      <UniqueIdentifier>{907882ab-3128-43f4-8d8d-3c30d044c953}</UniqueIdentifier>
    </Filter>
    <Filter Include="Engine\Source Files\RenderSystem\RenderGLES3\Commands">
      <UniqueIdentifier>{1b8f936b-0367-4507-a5a2-cee8b5a10074}</UniqueIdentifier>
    </Filter>
    <Filter Include="Engine\Header Files\RenderSystem\RenderAPI\Core">
      <UniqueIdentifier>{46e91a97-276e-45ac-8a7e-2ee2420fa1b9}</UniqueIdentifier>
    </Filter>
    <Filter Include="Engine\Header Files\RenderSystem\RenderAPI\Resource">
      <UniqueIdentifier>{bbd46e9f-fcb4-4e84-b359-eff164d65657}</UniqueIdentifier>
    </Filter>
    <Filter Include="Engine\Source Files\RenderSystem\RenderVulkan\Commands">
      <UniqueIdentifier>{211f961f-445e-4db8-9263-f531c3324d7a}</UniqueIdentifier>
    </Filter>
  </ItemGroup>
  <ItemGroup>
    <ClInclude Include="..\..\CrossEngine\include\CrossEngine.h">
      <Filter>Engine\Header Files</Filter>
    </ClInclude>
    <ClInclude Include="..\..\CrossEngine\src\_CrossEngine.h">
      <Filter>Engine\Source Files</Filter>
    </ClInclude>
    <ClInclude Include="..\..\Dependencies\rbtree\rbtree.h">
      <Filter>Dependencies\rbtree</Filter>
    </ClInclude>
    <ClInclude Include="..\..\CrossEngine\src\_CrossMemory.h">
      <Filter>Engine\Source Files</Filter>
    </ClInclude>
    <ClInclude Include="..\..\CrossEngine\include\Core\CrossC.h">
      <Filter>Engine\Header Files\Core</Filter>
    </ClInclude>
    <ClInclude Include="..\..\CrossEngine\include\Core\CrossDelegate.h">
      <Filter>Engine\Header Files\Core</Filter>
    </ClInclude>
    <ClInclude Include="..\..\CrossEngine\include\Core\CrossLog.h">
      <Filter>Engine\Header Files\Core</Filter>
    </ClInclude>
    <ClInclude Include="..\..\CrossEngine\include\Core\CrossMemory.h">
      <Filter>Engine\Header Files\Core</Filter>
    </ClInclude>
    <ClInclude Include="..\..\CrossEngine\include\Core\CrossStream.h">
      <Filter>Engine\Header Files\Core</Filter>
    </ClInclude>
    <ClInclude Include="..\..\CrossEngine\include\Core\CrossType.h">
      <Filter>Engine\Header Files\Core</Filter>
    </ClInclude>
    <ClInclude Include="..\..\CrossEngine\include\Core\CrossUtility.h">
      <Filter>Engine\Header Files\Core</Filter>
    </ClInclude>
    <ClInclude Include="..\..\CrossEngine\src\Core\nvwa\c++11.h">
      <Filter>Engine\Source Files\Core\nvwa</Filter>
    </ClInclude>
    <ClInclude Include="..\..\CrossEngine\src\Core\nvwa\debug_new.h">
      <Filter>Engine\Source Files\Core\nvwa</Filter>
    </ClInclude>
    <ClInclude Include="..\..\CrossEngine\src\Core\nvwa\fast_mutex.h">
      <Filter>Engine\Source Files\Core\nvwa</Filter>
    </ClInclude>
    <ClInclude Include="..\..\CrossEngine\src\Core\nvwa\static_assert.h">
      <Filter>Engine\Source Files\Core\nvwa</Filter>
    </ClInclude>
    <ClInclude Include="..\..\CrossEngine\include\Core\CrossSharedPtr.h">
      <Filter>Engine\Header Files\Core</Filter>
    </ClInclude>
    <ClInclude Include="..\..\CrossEngine\include\Core\CrossMutex.h">
      <Filter>Engine\Header Files\Core</Filter>
    </ClInclude>
    <ClInclude Include="..\..\CrossEngine\include\RenderSystem\RenderGLES\GLES3\gl3platform.h">
      <Filter>Engine\Header Files\RenderSystem\RenderGLES3\Core\GLES3</Filter>
    </ClInclude>
    <ClInclude Include="..\..\CrossEngine\include\RenderSystem\RenderGLES\GLES3\gl31.h">
      <Filter>Engine\Header Files\RenderSystem\RenderGLES3\Core\GLES3</Filter>
    </ClInclude>
    <ClInclude Include="..\..\CrossEngine\include\RenderSystem\RenderAPI\CrossGfxAPI.h">
      <Filter>Engine\Header Files\RenderSystem\RenderAPI</Filter>
    </ClInclude>
    <ClInclude Include="..\..\CrossEngine\include\RenderSystem\RenderVulkan\CrossVulkanDefinition.h">
      <Filter>Engine\Header Files\RenderSystem\RenderVulkan</Filter>
    </ClInclude>
    <ClInclude Include="..\..\CrossEngine\include\RenderSystem\RenderVulkan\CrossVulkanAPI.h">
      <Filter>Engine\Header Files\RenderSystem\RenderVulkan</Filter>
    </ClInclude>
    <ClInclude Include="..\..\CrossEngine\include\RenderSystem\RenderVulkan\CrossVulkanHelper.h">
      <Filter>Engine\Header Files\RenderSystem\RenderVulkan</Filter>
    </ClInclude>
    <ClInclude Include="..\..\CrossEngine\include\RenderSystem\RenderVulkan\CrossVulkanAllocator.h">
      <Filter>Engine\Header Files\RenderSystem\RenderVulkan\Core</Filter>
    </ClInclude>
    <ClInclude Include="..\..\CrossEngine\include\RenderSystem\RenderVulkan\CrossVulkanCommand.h">
      <Filter>Engine\Header Files\RenderSystem\RenderVulkan\Core</Filter>
    </ClInclude>
    <ClInclude Include="..\..\CrossEngine\include\RenderSystem\RenderVulkan\CrossVulkanCommandBuffer.h">
      <Filter>Engine\Header Files\RenderSystem\RenderVulkan\Core</Filter>
    </ClInclude>
    <ClInclude Include="..\..\CrossEngine\include\RenderSystem\RenderVulkan\CrossVulkanCommandPool.h">
      <Filter>Engine\Header Files\RenderSystem\RenderVulkan\Core</Filter>
    </ClInclude>
    <ClInclude Include="..\..\CrossEngine\include\RenderSystem\RenderVulkan\CrossVulkanCommandPoolManager.h">
      <Filter>Engine\Header Files\RenderSystem\RenderVulkan\Core</Filter>
    </ClInclude>
    <ClInclude Include="..\..\CrossEngine\include\RenderSystem\RenderVulkan\CrossVulkanDescriptorSetManager.h">
      <Filter>Engine\Header Files\RenderSystem\RenderVulkan\Core</Filter>
    </ClInclude>
    <ClInclude Include="..\..\CrossEngine\include\RenderSystem\RenderVulkan\CrossVulkanDevice.h">
      <Filter>Engine\Header Files\RenderSystem\RenderVulkan\Core</Filter>
    </ClInclude>
    <ClInclude Include="..\..\CrossEngine\include\RenderSystem\RenderVulkan\CrossVulkanInstance.h">
      <Filter>Engine\Header Files\RenderSystem\RenderVulkan\Core</Filter>
    </ClInclude>
    <ClInclude Include="..\..\CrossEngine\include\RenderSystem\RenderVulkan\CrossVulkanMemory.h">
      <Filter>Engine\Header Files\RenderSystem\RenderVulkan\Core</Filter>
    </ClInclude>
    <ClInclude Include="..\..\CrossEngine\include\RenderSystem\RenderVulkan\CrossVulkanMemoryAllocator.h">
      <Filter>Engine\Header Files\RenderSystem\RenderVulkan\Core</Filter>
    </ClInclude>
    <ClInclude Include="..\..\CrossEngine\include\RenderSystem\RenderVulkan\CrossVulkanMemoryManager.h">
      <Filter>Engine\Header Files\RenderSystem\RenderVulkan\Core</Filter>
    </ClInclude>
    <ClInclude Include="..\..\CrossEngine\include\RenderSystem\RenderVulkan\CrossVulkanQueue.h">
      <Filter>Engine\Header Files\RenderSystem\RenderVulkan\Core</Filter>
    </ClInclude>
    <ClInclude Include="..\..\CrossEngine\include\RenderSystem\RenderVulkan\CrossVulkanSwapchain.h">
      <Filter>Engine\Header Files\RenderSystem\RenderVulkan\Core</Filter>
    </ClInclude>
    <ClInclude Include="..\..\CrossEngine\include\RenderSystem\RenderVulkan\CrossVulkanStagingBuffer.h">
      <Filter>Engine\Header Files\RenderSystem\RenderVulkan\Core</Filter>
    </ClInclude>
    <ClInclude Include="..\..\CrossEngine\include\RenderSystem\RenderVulkan\CrossVulkanStagingBufferManager.h">
      <Filter>Engine\Header Files\RenderSystem\RenderVulkan\Core</Filter>
    </ClInclude>
    <ClInclude Include="..\..\CrossEngine\include\RenderSystem\RenderVulkan\CrossVulkanBufferManager.h">
      <Filter>Engine\Header Files\RenderSystem\RenderVulkan\Resource</Filter>
    </ClInclude>
    <ClInclude Include="..\..\CrossEngine\include\RenderSystem\RenderVulkan\CrossVulkanFrameBufferManager.h">
      <Filter>Engine\Header Files\RenderSystem\RenderVulkan\Resource</Filter>
    </ClInclude>
    <ClInclude Include="..\..\CrossEngine\include\RenderSystem\RenderVulkan\CrossVulkanPipelineManager.h">
      <Filter>Engine\Header Files\RenderSystem\RenderVulkan\Resource</Filter>
    </ClInclude>
    <ClInclude Include="..\..\CrossEngine\include\RenderSystem\RenderVulkan\CrossVulkanRenderPassManager.h">
      <Filter>Engine\Header Files\RenderSystem\RenderVulkan\Resource</Filter>
    </ClInclude>
    <ClInclude Include="..\..\CrossEngine\include\RenderSystem\RenderVulkan\CrossVulkanShaderManager.h">
      <Filter>Engine\Header Files\RenderSystem\RenderVulkan\Resource</Filter>
    </ClInclude>
    <ClInclude Include="..\..\CrossEngine\include\RenderSystem\RenderVulkan\CrossVulkanTextureManager.h">
      <Filter>Engine\Header Files\RenderSystem\RenderVulkan\Resource</Filter>
    </ClInclude>
    <ClInclude Include="..\..\CrossEngine\include\RenderSystem\RenderVulkan\CrossVulkanBuffer.h">
      <Filter>Engine\Header Files\RenderSystem\RenderVulkan\Resource</Filter>
    </ClInclude>
    <ClInclude Include="..\..\CrossEngine\include\RenderSystem\RenderVulkan\CrossVulkanIndexBuffer.h">
      <Filter>Engine\Header Files\RenderSystem\RenderVulkan\Resource</Filter>
    </ClInclude>
    <ClInclude Include="..\..\CrossEngine\include\RenderSystem\RenderVulkan\CrossVulkanUniformBuffer.h">
      <Filter>Engine\Header Files\RenderSystem\RenderVulkan\Resource</Filter>
    </ClInclude>
    <ClInclude Include="..\..\CrossEngine\include\RenderSystem\RenderVulkan\CrossVulkanVertexBuffer.h">
      <Filter>Engine\Header Files\RenderSystem\RenderVulkan\Resource</Filter>
    </ClInclude>
    <ClInclude Include="..\..\CrossEngine\include\RenderSystem\RenderVulkan\CrossVulkanImage.h">
      <Filter>Engine\Header Files\RenderSystem\RenderVulkan\Resource</Filter>
    </ClInclude>
    <ClInclude Include="..\..\CrossEngine\include\RenderSystem\RenderVulkan\CrossVulkanTexture.h">
      <Filter>Engine\Header Files\RenderSystem\RenderVulkan\Resource</Filter>
    </ClInclude>
    <ClInclude Include="..\..\CrossEngine\include\RenderSystem\RenderVulkan\CrossVulkanRenderTexture.h">
      <Filter>Engine\Header Files\RenderSystem\RenderVulkan\Resource</Filter>
    </ClInclude>
    <ClInclude Include="..\..\CrossEngine\include\RenderSystem\RenderVulkan\CrossVulkanFrameBuffer.h">
      <Filter>Engine\Header Files\RenderSystem\RenderVulkan\Resource</Filter>
    </ClInclude>
    <ClInclude Include="..\..\CrossEngine\include\RenderSystem\RenderVulkan\CrossVulkanShader.h">
      <Filter>Engine\Header Files\RenderSystem\RenderVulkan\Resource</Filter>
    </ClInclude>
    <ClInclude Include="..\..\CrossEngine\include\RenderSystem\RenderVulkan\CrossVulkanRenderPass.h">
      <Filter>Engine\Header Files\RenderSystem\RenderVulkan\Resource</Filter>
    </ClInclude>
    <ClInclude Include="..\..\CrossEngine\include\RenderSystem\RenderVulkan\CrossVulkanPipeline.h">
      <Filter>Engine\Header Files\RenderSystem\RenderVulkan\Resource</Filter>
    </ClInclude>
    <ClInclude Include="..\..\CrossEngine\include\RenderSystem\RenderVulkan\CrossVulkanPipelineCompute.h">
      <Filter>Engine\Header Files\RenderSystem\RenderVulkan\Resource</Filter>
    </ClInclude>
    <ClInclude Include="..\..\CrossEngine\include\Core\CrossTaskGraph.h">
      <Filter>Engine\Header Files\Core</Filter>
    </ClInclude>
    <ClInclude Include="..\..\Dependencies\event\event.h">
      <Filter>Dependencies\event</Filter>
    </ClInclude>
    <ClInclude Include="..\..\CrossEngine\include\RenderSystem\RenderVulkan\CrossVulkanPipelineGraphics.h">
      <Filter>Engine\Header Files\RenderSystem\RenderVulkan\Resource</Filter>
    </ClInclude>
    <ClInclude Include="..\..\CrossEngine\include\RenderSystem\RenderVulkan\CrossVulkanDescriptorPool.h">
      <Filter>Engine\Header Files\RenderSystem\RenderVulkan\Core</Filter>
    </ClInclude>
    <ClInclude Include="..\..\CrossEngine\include\RenderSystem\RenderVulkan\CrossVulkanDescriptorSet.h">
      <Filter>Engine\Header Files\RenderSystem\RenderVulkan\Core</Filter>
    </ClInclude>
    <ClInclude Include="..\..\CrossEngine\include\RenderSystem\RenderGLES\CrossGLES3Device.h">
      <Filter>Engine\Header Files\RenderSystem\RenderGLES3\Core</Filter>
    </ClInclude>
    <ClInclude Include="..\..\CrossEngine\include\RenderSystem\RenderGLES\CrossGLES3Instance.h">
      <Filter>Engine\Header Files\RenderSystem\RenderGLES3\Core</Filter>
    </ClInclude>
    <ClInclude Include="..\..\CrossEngine\include\RenderSystem\RenderGLES\CrossGLES3Swapchain.h">
      <Filter>Engine\Header Files\RenderSystem\RenderGLES3\Core</Filter>
    </ClInclude>
    <ClInclude Include="..\..\CrossEngine\include\RenderSystem\RenderGLES\CrossGLES3DeviceProperties.h">
      <Filter>Engine\Header Files\RenderSystem\RenderGLES3\Core</Filter>
    </ClInclude>
    <ClInclude Include="..\..\CrossEngine\include\RenderSystem\RenderGLES\CrossGLES3CommandBuffer.h">
      <Filter>Engine\Header Files\RenderSystem\RenderGLES3\Core</Filter>
    </ClInclude>
    <ClInclude Include="..\..\CrossEngine\include\RenderSystem\RenderGLES\CrossGLES3Queue.h">
      <Filter>Engine\Header Files\RenderSystem\RenderGLES3\Core</Filter>
    </ClInclude>
    <ClInclude Include="..\..\CrossEngine\include\RenderSystem\RenderGLES\CrossGLES3IndexBuffer.h">
      <Filter>Engine\Header Files\RenderSystem\RenderGLES3\Resource</Filter>
    </ClInclude>
    <ClInclude Include="..\..\CrossEngine\include\RenderSystem\RenderGLES\CrossGLES3UniformBuffer.h">
      <Filter>Engine\Header Files\RenderSystem\RenderGLES3\Resource</Filter>
    </ClInclude>
    <ClInclude Include="..\..\CrossEngine\include\RenderSystem\RenderGLES\CrossGLES3VertexBuffer.h">
      <Filter>Engine\Header Files\RenderSystem\RenderGLES3\Resource</Filter>
    </ClInclude>
    <ClInclude Include="..\..\CrossEngine\include\RenderSystem\RenderGLES\CrossGLES3BufferManager.h">
      <Filter>Engine\Header Files\RenderSystem\RenderGLES3\Resource</Filter>
    </ClInclude>
    <ClInclude Include="..\..\CrossEngine\include\RenderSystem\RenderGLES\CrossGLES3Helper.h">
      <Filter>Engine\Header Files\RenderSystem\RenderGLES3</Filter>
    </ClInclude>
    <ClInclude Include="..\..\CrossEngine\include\RenderSystem\RenderGLES\CrossGLES3API.h">
      <Filter>Engine\Header Files\RenderSystem\RenderGLES3</Filter>
    </ClInclude>
    <ClInclude Include="..\..\CrossEngine\include\RenderSystem\RenderGLES\CrossGLES3Definition.h">
      <Filter>Engine\Header Files\RenderSystem\RenderGLES3</Filter>
    </ClInclude>
    <ClInclude Include="..\..\CrossEngine\include\RenderSystem\RenderGLES\CrossGLES3Buffer.h">
      <Filter>Engine\Header Files\RenderSystem\RenderGLES3\Resource</Filter>
    </ClInclude>
    <ClInclude Include="..\..\CrossEngine\include\RenderSystem\RenderGLES\CrossGLES3Image.h">
      <Filter>Engine\Header Files\RenderSystem\RenderGLES3\Resource</Filter>
    </ClInclude>
    <ClInclude Include="..\..\CrossEngine\include\RenderSystem\RenderGLES\CrossGLES3RenderTexture.h">
      <Filter>Engine\Header Files\RenderSystem\RenderGLES3\Resource</Filter>
    </ClInclude>
    <ClInclude Include="..\..\CrossEngine\include\RenderSystem\RenderGLES\CrossGLES3Texture.h">
      <Filter>Engine\Header Files\RenderSystem\RenderGLES3\Resource</Filter>
    </ClInclude>
    <ClInclude Include="..\..\CrossEngine\include\RenderSystem\RenderGLES\CrossGLES3FrameBuffer.h">
      <Filter>Engine\Header Files\RenderSystem\RenderGLES3\Resource</Filter>
    </ClInclude>
    <ClInclude Include="..\..\CrossEngine\include\RenderSystem\RenderGLES\CrossGLES3TextureManager.h">
      <Filter>Engine\Header Files\RenderSystem\RenderGLES3\Resource</Filter>
    </ClInclude>
    <ClInclude Include="..\..\CrossEngine\include\RenderSystem\RenderGLES\CrossGLES3RenderPass.h">
      <Filter>Engine\Header Files\RenderSystem\RenderGLES3\Resource</Filter>
    </ClInclude>
    <ClInclude Include="..\..\CrossEngine\include\RenderSystem\RenderGLES\CrossGLES3FrameBufferManager.h">
      <Filter>Engine\Header Files\RenderSystem\RenderGLES3\Resource</Filter>
    </ClInclude>
    <ClInclude Include="..\..\CrossEngine\include\RenderSystem\RenderGLES\CrossGLES3RenderPassManager.h">
      <Filter>Engine\Header Files\RenderSystem\RenderGLES3\Resource</Filter>
    </ClInclude>
    <ClInclude Include="..\..\CrossEngine\include\RenderSystem\RenderGLES\CrossGLES3Shader.h">
      <Filter>Engine\Header Files\RenderSystem\RenderGLES3\Resource</Filter>
    </ClInclude>
    <ClInclude Include="..\..\CrossEngine\include\RenderSystem\RenderGLES\CrossGLES3ShaderManager.h">
      <Filter>Engine\Header Files\RenderSystem\RenderGLES3\Resource</Filter>
    </ClInclude>
    <ClInclude Include="..\..\CrossEngine\include\RenderSystem\RenderGLES\CrossGLES3Pipeline.h">
      <Filter>Engine\Header Files\RenderSystem\RenderGLES3\Resource</Filter>
    </ClInclude>
    <ClInclude Include="..\..\CrossEngine\include\RenderSystem\RenderGLES\CrossGLES3PipelineGraphics.h">
      <Filter>Engine\Header Files\RenderSystem\RenderGLES3\Resource</Filter>
    </ClInclude>
    <ClInclude Include="..\..\CrossEngine\include\RenderSystem\RenderGLES\CrossGLES3PipelineCompute.h">
      <Filter>Engine\Header Files\RenderSystem\RenderGLES3\Resource</Filter>
    </ClInclude>
    <ClInclude Include="..\..\CrossEngine\include\RenderSystem\RenderGLES\CrossGLES3PipelineManager.h">
      <Filter>Engine\Header Files\RenderSystem\RenderGLES3\Resource</Filter>
    </ClInclude>
    <ClInclude Include="..\..\CrossEngine\src\RenderSystem\RenderGLES\CrossGLES3CommandBindIndexBuffer.h">
      <Filter>Engine\Source Files\RenderSystem\RenderGLES3\Commands</Filter>
    </ClInclude>
    <ClInclude Include="..\..\CrossEngine\src\RenderSystem\RenderGLES\CrossGLES3CommandBindVertexBuffer.h">
      <Filter>Engine\Source Files\RenderSystem\RenderGLES3\Commands</Filter>
    </ClInclude>
    <ClInclude Include="..\..\CrossEngine\src\RenderSystem\RenderGLES\CrossGLES3CommandBindPipelineCompute.h">
      <Filter>Engine\Source Files\RenderSystem\RenderGLES3\Commands</Filter>
    </ClInclude>
    <ClInclude Include="..\..\CrossEngine\src\RenderSystem\RenderGLES\CrossGLES3CommandBindPipelineGraphics.h">
      <Filter>Engine\Source Files\RenderSystem\RenderGLES3\Commands</Filter>
    </ClInclude>
    <ClInclude Include="..\..\CrossEngine\src\RenderSystem\RenderGLES\CrossGLES3CommandSetBlendConstants.h">
      <Filter>Engine\Source Files\RenderSystem\RenderGLES3\Commands</Filter>
    </ClInclude>
    <ClInclude Include="..\..\CrossEngine\src\RenderSystem\RenderGLES\CrossGLES3CommandSetDepthBias.h">
      <Filter>Engine\Source Files\RenderSystem\RenderGLES3\Commands</Filter>
    </ClInclude>
    <ClInclude Include="..\..\CrossEngine\src\RenderSystem\RenderGLES\CrossGLES3CommandSetLineWidth.h">
      <Filter>Engine\Source Files\RenderSystem\RenderGLES3\Commands</Filter>
    </ClInclude>
    <ClInclude Include="..\..\CrossEngine\src\RenderSystem\RenderGLES\CrossGLES3CommandSetScissor.h">
      <Filter>Engine\Source Files\RenderSystem\RenderGLES3\Commands</Filter>
    </ClInclude>
    <ClInclude Include="..\..\CrossEngine\src\RenderSystem\RenderGLES\CrossGLES3CommandSetStencilReference.h">
      <Filter>Engine\Source Files\RenderSystem\RenderGLES3\Commands</Filter>
    </ClInclude>
    <ClInclude Include="..\..\CrossEngine\src\RenderSystem\RenderGLES\CrossGLES3CommandSetStencilWriteMask.h">
      <Filter>Engine\Source Files\RenderSystem\RenderGLES3\Commands</Filter>
    </ClInclude>
    <ClInclude Include="..\..\CrossEngine\src\RenderSystem\RenderGLES\CrossGLES3CommandSetViewport.h">
      <Filter>Engine\Source Files\RenderSystem\RenderGLES3\Commands</Filter>
    </ClInclude>
    <ClInclude Include="..\..\CrossEngine\src\RenderSystem\RenderGLES\CrossGLES3CommandDispatch.h">
      <Filter>Engine\Source Files\RenderSystem\RenderGLES3\Commands</Filter>
    </ClInclude>
    <ClInclude Include="..\..\CrossEngine\src\RenderSystem\RenderGLES\CrossGLES3CommandDraw.h">
      <Filter>Engine\Source Files\RenderSystem\RenderGLES3\Commands</Filter>
    </ClInclude>
    <ClInclude Include="..\..\CrossEngine\src\RenderSystem\RenderGLES\CrossGLES3CommandDrawIndexed.h">
      <Filter>Engine\Source Files\RenderSystem\RenderGLES3\Commands</Filter>
    </ClInclude>
    <ClInclude Include="..\..\CrossEngine\src\RenderSystem\RenderGLES\CrossGLES3CommandExecuteCommandBuffer.h">
      <Filter>Engine\Source Files\RenderSystem\RenderGLES3\Commands</Filter>
    </ClInclude>
    <ClInclude Include="..\..\CrossEngine\src\RenderSystem\RenderGLES\CrossGLES3CommandSetDepthRange.h">
      <Filter>Engine\Source Files\RenderSystem\RenderGLES3\Commands</Filter>
    </ClInclude>
    <ClInclude Include="..\..\CrossEngine\src\RenderSystem\RenderGLES\CrossGLES3CommandResolve.h">
      <Filter>Engine\Source Files\RenderSystem\RenderGLES3\Commands</Filter>
    </ClInclude>
    <ClInclude Include="..\..\CrossEngine\src\RenderSystem\RenderGLES\CrossGLES3CommandBindFrameBuffer.h">
      <Filter>Engine\Source Files\RenderSystem\RenderGLES3\Commands</Filter>
    </ClInclude>
    <ClInclude Include="..\..\CrossEngine\include\RenderSystem\RenderGLES\CrossGLES3Extent.h">
      <Filter>Engine\Header Files\RenderSystem\RenderGLES3\Core</Filter>
    </ClInclude>
    <ClInclude Include="..\..\CrossEngine\include\EntitySystem\CrossEntityBase.h">
      <Filter>Engine\Header Files\EntitySystem</Filter>
    </ClInclude>
    <ClInclude Include="..\..\CrossEngine\include\EntitySystem\CrossEntityMesh.h">
      <Filter>Engine\Header Files\EntitySystem</Filter>
    </ClInclude>
    <ClInclude Include="..\..\Dependencies\tinyxml\tinystr.h">
      <Filter>Dependencies\tinyxml</Filter>
    </ClInclude>
    <ClInclude Include="..\..\Dependencies\tinyxml\tinyxml.h">
      <Filter>Dependencies\tinyxml</Filter>
    </ClInclude>
    <ClInclude Include="..\..\Dependencies\glew\glew.h">
      <Filter>Dependencies\glew</Filter>
    </ClInclude>
    <ClInclude Include="..\..\Dependencies\glew\glxew.h">
      <Filter>Dependencies\glew</Filter>
    </ClInclude>
    <ClInclude Include="..\..\Dependencies\glew\wglew.h">
      <Filter>Dependencies\glew</Filter>
    </ClInclude>
    <ClInclude Include="..\..\CrossEngine\include\RenderSystem\CrossRenderSystem.h">
      <Filter>Engine\Header Files\RenderSystem</Filter>
    </ClInclude>
    <ClInclude Include="..\..\CrossEngine\include\Core\CrossCore.h">
      <Filter>Engine\Header Files\Core</Filter>
    </ClInclude>
    <ClInclude Include="..\..\CrossEngine\include\EntitySystem\CrossEntitySystem.h">
      <Filter>Engine\Header Files\EntitySystem</Filter>
    </ClInclude>
    <ClInclude Include="..\..\CrossEngine\include\RenderSystem\CrossRenderQueue.h">
      <Filter>Engine\Header Files\RenderSystem</Filter>
    </ClInclude>
    <ClInclude Include="..\..\CrossEngine\include\ResourceSystem\CrossResMaterial.h">
      <Filter>Engine\Header Files\ResourceSystem</Filter>
    </ClInclude>
    <ClInclude Include="..\..\CrossEngine\include\ResourceSystem\CrossResMaterialManager.h">
      <Filter>Engine\Header Files\ResourceSystem</Filter>
    </ClInclude>
    <ClInclude Include="..\..\CrossEngine\include\ResourceSystem\CrossResource.h">
      <Filter>Engine\Header Files\ResourceSystem</Filter>
    </ClInclude>
    <ClInclude Include="..\..\CrossEngine\include\ResourceSystem\CrossResourceDefinition.h">
      <Filter>Engine\Header Files\ResourceSystem</Filter>
    </ClInclude>
    <ClInclude Include="..\..\CrossEngine\include\ResourceSystem\CrossResourceManager.h">
      <Filter>Engine\Header Files\ResourceSystem</Filter>
    </ClInclude>
    <ClInclude Include="..\..\CrossEngine\include\ResourceSystem\CrossResourceSystem.h">
      <Filter>Engine\Header Files\ResourceSystem</Filter>
    </ClInclude>
    <ClInclude Include="..\..\CrossEngine\include\ResourceSystem\CrossResShader.h">
      <Filter>Engine\Header Files\ResourceSystem</Filter>
    </ClInclude>
    <ClInclude Include="..\..\CrossEngine\include\ResourceSystem\CrossResShaderManager.h">
      <Filter>Engine\Header Files\ResourceSystem</Filter>
    </ClInclude>
    <ClInclude Include="..\..\CrossEngine\include\ResourceSystem\CrossResTexture.h">
      <Filter>Engine\Header Files\ResourceSystem</Filter>
    </ClInclude>
    <ClInclude Include="..\..\CrossEngine\include\ResourceSystem\CrossResTextureManager.h">
      <Filter>Engine\Header Files\ResourceSystem</Filter>
    </ClInclude>
    <ClInclude Include="..\..\CrossEngine\include\ResourceSystem\CrossResCompute.h">
      <Filter>Engine\Header Files\ResourceSystem</Filter>
    </ClInclude>
    <ClInclude Include="..\..\CrossEngine\include\ResourceSystem\CrossResComputeManager.h">
      <Filter>Engine\Header Files\ResourceSystem</Filter>
    </ClInclude>
    <ClInclude Include="..\..\CrossEngine\include\ResourceSystem\CrossResGraphics.h">
      <Filter>Engine\Header Files\ResourceSystem</Filter>
    </ClInclude>
    <ClInclude Include="..\..\CrossEngine\include\ResourceSystem\CrossResGraphicsManager.h">
      <Filter>Engine\Header Files\ResourceSystem</Filter>
    </ClInclude>
    <ClInclude Include="..\..\CrossEngine\include\RenderSystem\glslc\file_includer.h">
      <Filter>Engine\Header Files\RenderSystem\glslc</Filter>
    </ClInclude>
    <ClInclude Include="..\..\CrossEngine\src\RenderSystem\RenderGLES\CrossGLES3CommandSetDepthBounds.h">
      <Filter>Engine\Source Files\RenderSystem\RenderGLES3\Commands</Filter>
    </ClInclude>
    <ClInclude Include="..\..\CrossEngine\include\RenderSystem\RenderGLES\CrossGLES3CommandBufferManager.h">
      <Filter>Engine\Header Files\RenderSystem\RenderGLES3\Core</Filter>
    </ClInclude>
    <ClInclude Include="..\..\CrossEngine\include\RenderSystem\RenderGLES\CrossGLES3DescriptorSet.h">
      <Filter>Engine\Header Files\RenderSystem\RenderGLES3\Core</Filter>
    </ClInclude>
    <ClInclude Include="..\..\CrossEngine\include\RenderSystem\RenderGLES\CrossGLES3DescriptorSetManager.h">
      <Filter>Engine\Header Files\RenderSystem\RenderGLES3\Core</Filter>
    </ClInclude>
    <ClInclude Include="..\..\CrossEngine\include\RenderSystem\CrossDrawable.h">
      <Filter>Engine\Header Files\RenderSystem</Filter>
    </ClInclude>
    <ClInclude Include="..\..\CrossEngine\include\RenderSystem\RenderAPI\CrossGfxCommandBuffer.h">
      <Filter>Engine\Header Files\RenderSystem\RenderAPI\Core</Filter>
    </ClInclude>
    <ClInclude Include="..\..\CrossEngine\include\RenderSystem\RenderAPI\CrossGfxDescriptorSet.h">
      <Filter>Engine\Header Files\RenderSystem\RenderAPI\Core</Filter>
    </ClInclude>
    <ClInclude Include="..\..\CrossEngine\include\RenderSystem\RenderAPI\CrossGfxDevice.h">
      <Filter>Engine\Header Files\RenderSystem\RenderAPI\Core</Filter>
    </ClInclude>
    <ClInclude Include="..\..\CrossEngine\include\RenderSystem\RenderAPI\CrossGfxInstance.h">
      <Filter>Engine\Header Files\RenderSystem\RenderAPI\Core</Filter>
    </ClInclude>
    <ClInclude Include="..\..\CrossEngine\include\RenderSystem\RenderAPI\CrossGfxQueue.h">
      <Filter>Engine\Header Files\RenderSystem\RenderAPI\Core</Filter>
    </ClInclude>
    <ClInclude Include="..\..\CrossEngine\include\RenderSystem\RenderAPI\CrossGfxSwapchain.h">
      <Filter>Engine\Header Files\RenderSystem\RenderAPI\Core</Filter>
    </ClInclude>
    <ClInclude Include="..\..\CrossEngine\include\RenderSystem\RenderAPI\CrossGfxDefinition.h">
      <Filter>Engine\Header Files\RenderSystem\RenderAPI</Filter>
    </ClInclude>
    <ClInclude Include="..\..\CrossEngine\include\RenderSystem\RenderAPI\CrossGfxBuffer.h">
      <Filter>Engine\Header Files\RenderSystem\RenderAPI\Resource</Filter>
    </ClInclude>
    <ClInclude Include="..\..\CrossEngine\include\RenderSystem\RenderAPI\CrossGfxImage.h">
      <Filter>Engine\Header Files\RenderSystem\RenderAPI\Resource</Filter>
    </ClInclude>
    <ClInclude Include="..\..\CrossEngine\include\RenderSystem\RenderAPI\CrossGfxIndexBuffer.h">
      <Filter>Engine\Header Files\RenderSystem\RenderAPI\Resource</Filter>
    </ClInclude>
    <ClInclude Include="..\..\CrossEngine\include\RenderSystem\RenderAPI\CrossGfxPipelineCompute.h">
      <Filter>Engine\Header Files\RenderSystem\RenderAPI\Resource</Filter>
    </ClInclude>
    <ClInclude Include="..\..\CrossEngine\include\RenderSystem\RenderAPI\CrossGfxPipelineGraphics.h">
      <Filter>Engine\Header Files\RenderSystem\RenderAPI\Resource</Filter>
    </ClInclude>
    <ClInclude Include="..\..\CrossEngine\include\RenderSystem\RenderAPI\CrossGfxFrameBuffer.h">
      <Filter>Engine\Header Files\RenderSystem\RenderAPI\Resource</Filter>
    </ClInclude>
    <ClInclude Include="..\..\CrossEngine\include\RenderSystem\RenderAPI\CrossGfxRenderPass.h">
      <Filter>Engine\Header Files\RenderSystem\RenderAPI\Resource</Filter>
    </ClInclude>
    <ClInclude Include="..\..\CrossEngine\include\RenderSystem\RenderAPI\CrossGfxRenderTexture.h">
      <Filter>Engine\Header Files\RenderSystem\RenderAPI\Resource</Filter>
    </ClInclude>
    <ClInclude Include="..\..\CrossEngine\include\RenderSystem\RenderAPI\CrossGfxResource.h">
      <Filter>Engine\Header Files\RenderSystem\RenderAPI\Resource</Filter>
    </ClInclude>
    <ClInclude Include="..\..\CrossEngine\include\RenderSystem\RenderAPI\CrossGfxResourceManager.h">
      <Filter>Engine\Header Files\RenderSystem\RenderAPI\Resource</Filter>
    </ClInclude>
    <ClInclude Include="..\..\CrossEngine\include\RenderSystem\RenderAPI\CrossGfxShader.h">
      <Filter>Engine\Header Files\RenderSystem\RenderAPI\Resource</Filter>
    </ClInclude>
    <ClInclude Include="..\..\CrossEngine\include\RenderSystem\RenderAPI\CrossGfxTexture.h">
      <Filter>Engine\Header Files\RenderSystem\RenderAPI\Resource</Filter>
    </ClInclude>
    <ClInclude Include="..\..\CrossEngine\include\RenderSystem\RenderAPI\CrossGfxUniformBuffer.h">
      <Filter>Engine\Header Files\RenderSystem\RenderAPI\Resource</Filter>
    </ClInclude>
    <ClInclude Include="..\..\CrossEngine\include\RenderSystem\RenderAPI\CrossGfxVertexBuffer.h">
      <Filter>Engine\Header Files\RenderSystem\RenderAPI\Resource</Filter>
    </ClInclude>
    <ClInclude Include="..\..\CrossEngine\include\RenderSystem\RenderAPI\CrossGfxMaterial.h">
      <Filter>Engine\Header Files\RenderSystem\RenderAPI\Resource</Filter>
    </ClInclude>
    <ClInclude Include="..\..\CrossEngine\include\RenderSystem\RenderAPI\CrossGfxMaterialPass.h">
      <Filter>Engine\Header Files\RenderSystem\RenderAPI\Resource</Filter>
    </ClInclude>
    <ClInclude Include="..\..\CrossEngine\include\RenderSystem\RenderGLES\CrossGLES3Material.h">
      <Filter>Engine\Header Files\RenderSystem\RenderGLES3\Resource</Filter>
    </ClInclude>
    <ClInclude Include="..\..\CrossEngine\include\RenderSystem\RenderGLES\CrossGLES3MaterialManager.h">
      <Filter>Engine\Header Files\RenderSystem\RenderGLES3\Resource</Filter>
    </ClInclude>
    <ClInclude Include="..\..\CrossEngine\include\RenderSystem\RenderGLES\CrossGLES3MaterialPass.h">
      <Filter>Engine\Header Files\RenderSystem\RenderGLES3\Resource</Filter>
    </ClInclude>
    <ClInclude Include="..\..\CrossEngine\include\RenderSystem\RenderVulkan\CrossVulkanMaterial.h">
      <Filter>Engine\Header Files\RenderSystem\RenderVulkan\Resource</Filter>
    </ClInclude>
    <ClInclude Include="..\..\CrossEngine\include\RenderSystem\RenderVulkan\CrossVulkanMaterialManager.h">
      <Filter>Engine\Header Files\RenderSystem\RenderVulkan\Resource</Filter>
    </ClInclude>
    <ClInclude Include="..\..\CrossEngine\include\RenderSystem\RenderVulkan\CrossVulkanMaterialPass.h">
      <Filter>Engine\Header Files\RenderSystem\RenderVulkan\Resource</Filter>
    </ClInclude>
    <ClInclude Include="..\..\CrossEngine\include\RenderSystem\CrossBatchPartical.h">
      <Filter>Engine\Header Files\RenderSystem</Filter>
    </ClInclude>
    <ClInclude Include="..\..\CrossEngine\include\RenderSystem\CrossBatchSkinMesh.h">
      <Filter>Engine\Header Files\RenderSystem</Filter>
    </ClInclude>
    <ClInclude Include="..\..\CrossEngine\include\RenderSystem\CrossBatchStaticMesh.h">
      <Filter>Engine\Header Files\RenderSystem</Filter>
    </ClInclude>
    <ClInclude Include="..\..\CrossEngine\include\RenderSystem\CrossBatch.h">
      <Filter>Engine\Header Files\RenderSystem</Filter>
    </ClInclude>
    <ClInclude Include="..\..\CrossEngine\include\RenderSystem\CrossDrawablePartical.h">
      <Filter>Engine\Header Files\RenderSystem</Filter>
    </ClInclude>
    <ClInclude Include="..\..\CrossEngine\include\RenderSystem\CrossDrawableSkinMesh.h">
      <Filter>Engine\Header Files\RenderSystem</Filter>
    </ClInclude>
    <ClInclude Include="..\..\CrossEngine\include\RenderSystem\CrossDrawableStaticMesh.h">
      <Filter>Engine\Header Files\RenderSystem</Filter>
    </ClInclude>
    <ClInclude Include="..\..\CrossEngine\include\RenderSystem\CrossCamera.h">
      <Filter>Engine\Header Files\RenderSystem</Filter>
    </ClInclude>
    <ClInclude Include="..\..\CrossEngine\include\RenderSystem\CrossCameraManager.h">
      <Filter>Engine\Header Files\RenderSystem</Filter>
    </ClInclude>
    <ClInclude Include="..\..\CrossEngine\include\Core\CrossGLM.h">
      <Filter>Engine\Header Files\Core</Filter>
    </ClInclude>
    <ClInclude Include="..\..\CrossEngine\src\RenderSystem\RenderVulkan\CrossVulkanCommandBeginCommandBufferPrimary.h">
      <Filter>Engine\Source Files\RenderSystem\RenderVulkan\Commands</Filter>
    </ClInclude>
    <ClInclude Include="..\..\CrossEngine\src\RenderSystem\RenderVulkan\CrossVulkanCommandBeginCommandBufferSecondary.h">
      <Filter>Engine\Source Files\RenderSystem\RenderVulkan\Commands</Filter>
    </ClInclude>
    <ClInclude Include="..\..\CrossEngine\src\RenderSystem\RenderVulkan\CrossVulkanCommandBeginRenderPass.h">
      <Filter>Engine\Source Files\RenderSystem\RenderVulkan\Commands</Filter>
    </ClInclude>
    <ClInclude Include="..\..\CrossEngine\src\RenderSystem\RenderVulkan\CrossVulkanCommandBindDescriptorSetCompute.h">
      <Filter>Engine\Source Files\RenderSystem\RenderVulkan\Commands</Filter>
    </ClInclude>
    <ClInclude Include="..\..\CrossEngine\src\RenderSystem\RenderVulkan\CrossVulkanCommandBindDescriptorSetGraphics.h">
      <Filter>Engine\Source Files\RenderSystem\RenderVulkan\Commands</Filter>
    </ClInclude>
    <ClInclude Include="..\..\CrossEngine\src\RenderSystem\RenderVulkan\CrossVulkanCommandBindIndexBuffer.h">
      <Filter>Engine\Source Files\RenderSystem\RenderVulkan\Commands</Filter>
    </ClInclude>
    <ClInclude Include="..\..\CrossEngine\src\RenderSystem\RenderVulkan\CrossVulkanCommandBindPipelineCompute.h">
      <Filter>Engine\Source Files\RenderSystem\RenderVulkan\Commands</Filter>
    </ClInclude>
    <ClInclude Include="..\..\CrossEngine\src\RenderSystem\RenderVulkan\CrossVulkanCommandBindPipelineGraphics.h">
      <Filter>Engine\Source Files\RenderSystem\RenderVulkan\Commands</Filter>
    </ClInclude>
    <ClInclude Include="..\..\CrossEngine\src\RenderSystem\RenderVulkan\CrossVulkanCommandBindVertexBuffer.h">
      <Filter>Engine\Source Files\RenderSystem\RenderVulkan\Commands</Filter>
    </ClInclude>
    <ClInclude Include="..\..\CrossEngine\src\RenderSystem\RenderVulkan\CrossVulkanCommandDispatch.h">
      <Filter>Engine\Source Files\RenderSystem\RenderVulkan\Commands</Filter>
    </ClInclude>
    <ClInclude Include="..\..\CrossEngine\src\RenderSystem\RenderVulkan\CrossVulkanCommandDraw.h">
      <Filter>Engine\Source Files\RenderSystem\RenderVulkan\Commands</Filter>
    </ClInclude>
    <ClInclude Include="..\..\CrossEngine\src\RenderSystem\RenderVulkan\CrossVulkanCommandDrawIndexed.h">
      <Filter>Engine\Source Files\RenderSystem\RenderVulkan\Commands</Filter>
    </ClInclude>
    <ClInclude Include="..\..\CrossEngine\src\RenderSystem\RenderVulkan\CrossVulkanCommandEndCommandBuffer.h">
      <Filter>Engine\Source Files\RenderSystem\RenderVulkan\Commands</Filter>
    </ClInclude>
    <ClInclude Include="..\..\CrossEngine\src\RenderSystem\RenderVulkan\CrossVulkanCommandEndRenderPass.h">
      <Filter>Engine\Source Files\RenderSystem\RenderVulkan\Commands</Filter>
    </ClInclude>
    <ClInclude Include="..\..\CrossEngine\src\RenderSystem\RenderVulkan\CrossVulkanCommandExecuteCommandBuffer.h">
      <Filter>Engine\Source Files\RenderSystem\RenderVulkan\Commands</Filter>
    </ClInclude>
    <ClInclude Include="..\..\CrossEngine\src\RenderSystem\RenderVulkan\CrossVulkanCommandNextSubpass.h">
      <Filter>Engine\Source Files\RenderSystem\RenderVulkan\Commands</Filter>
    </ClInclude>
    <ClInclude Include="..\..\CrossEngine\src\RenderSystem\RenderVulkan\CrossVulkanCommandSetBlendConstants.h">
      <Filter>Engine\Source Files\RenderSystem\RenderVulkan\Commands</Filter>
    </ClInclude>
    <ClInclude Include="..\..\CrossEngine\src\RenderSystem\RenderVulkan\CrossVulkanCommandSetDepthBias.h">
      <Filter>Engine\Source Files\RenderSystem\RenderVulkan\Commands</Filter>
    </ClInclude>
    <ClInclude Include="..\..\CrossEngine\src\RenderSystem\RenderVulkan\CrossVulkanCommandSetDepthBounds.h">
      <Filter>Engine\Source Files\RenderSystem\RenderVulkan\Commands</Filter>
    </ClInclude>
    <ClInclude Include="..\..\CrossEngine\src\RenderSystem\RenderVulkan\CrossVulkanCommandSetLineWidth.h">
      <Filter>Engine\Source Files\RenderSystem\RenderVulkan\Commands</Filter>
    </ClInclude>
    <ClInclude Include="..\..\CrossEngine\src\RenderSystem\RenderVulkan\CrossVulkanCommandSetScissor.h">
      <Filter>Engine\Source Files\RenderSystem\RenderVulkan\Commands</Filter>
    </ClInclude>
    <ClInclude Include="..\..\CrossEngine\src\RenderSystem\RenderVulkan\CrossVulkanCommandSetStencilCompareMask.h">
      <Filter>Engine\Source Files\RenderSystem\RenderVulkan\Commands</Filter>
    </ClInclude>
    <ClInclude Include="..\..\CrossEngine\src\RenderSystem\RenderVulkan\CrossVulkanCommandSetStencilReference.h">
      <Filter>Engine\Source Files\RenderSystem\RenderVulkan\Commands</Filter>
    </ClInclude>
    <ClInclude Include="..\..\CrossEngine\src\RenderSystem\RenderVulkan\CrossVulkanCommandSetStencilWriteMask.h">
      <Filter>Engine\Source Files\RenderSystem\RenderVulkan\Commands</Filter>
    </ClInclude>
    <ClInclude Include="..\..\CrossEngine\src\RenderSystem\RenderVulkan\CrossVulkanCommandSetViewport.h">
      <Filter>Engine\Source Files\RenderSystem\RenderVulkan\Commands</Filter>
    </ClInclude>
    <ClInclude Include="..\..\CrossEngine\src\RenderSystem\RenderGLES\CrossGLES3CommandBeginCommandBufferPrimary.h">
      <Filter>Engine\Source Files\RenderSystem\RenderGLES3\Commands</Filter>
    </ClInclude>
    <ClInclude Include="..\..\CrossEngine\src\RenderSystem\RenderGLES\CrossGLES3CommandBeginCommandBufferSecondary.h">
      <Filter>Engine\Source Files\RenderSystem\RenderGLES3\Commands</Filter>
    </ClInclude>
    <ClInclude Include="..\..\CrossEngine\src\RenderSystem\RenderGLES\CrossGLES3CommandBeginRenderPass.h">
      <Filter>Engine\Source Files\RenderSystem\RenderGLES3\Commands</Filter>
    </ClInclude>
    <ClInclude Include="..\..\CrossEngine\src\RenderSystem\RenderGLES\CrossGLES3CommandEndCommandBuffer.h">
      <Filter>Engine\Source Files\RenderSystem\RenderGLES3\Commands</Filter>
    </ClInclude>
    <ClInclude Include="..\..\CrossEngine\src\RenderSystem\RenderGLES\CrossGLES3CommandEndRenderPass.h">
      <Filter>Engine\Source Files\RenderSystem\RenderGLES3\Commands</Filter>
    </ClInclude>
    <ClInclude Include="..\..\CrossEngine\src\RenderSystem\RenderGLES\CrossGLES3CommandNextSubpass.h">
      <Filter>Engine\Source Files\RenderSystem\RenderGLES3\Commands</Filter>
    </ClInclude>
    <ClInclude Include="..\..\CrossEngine\include\RenderSystem\RenderAPI\CrossGfxCommandBase.h">
      <Filter>Engine\Header Files\RenderSystem\RenderAPI\Core</Filter>
    </ClInclude>
    <ClInclude Include="..\..\CrossEngine\include\ResourceSystem\CrossResRenderTexture.h">
      <Filter>Engine\Header Files\ResourceSystem</Filter>
    </ClInclude>
    <ClInclude Include="..\..\CrossEngine\include\ResourceSystem\CrossResRenderTextureManager.h">
      <Filter>Engine\Header Files\ResourceSystem</Filter>
    </ClInclude>
    <ClInclude Include="..\..\CrossEngine\include\ResourceSystem\CrossResRenderPass.h">
      <Filter>Engine\Header Files\ResourceSystem</Filter>
    </ClInclude>
    <ClInclude Include="..\..\CrossEngine\include\ResourceSystem\CrossResRenderPassManager.h">
      <Filter>Engine\Header Files\ResourceSystem</Filter>
    </ClInclude>
    <ClInclude Include="..\..\CrossEngine\include\ResourceSystem\CrossResFrameBuffer.h">
      <Filter>Engine\Header Files\ResourceSystem</Filter>
    </ClInclude>
    <ClInclude Include="..\..\CrossEngine\include\ResourceSystem\CrossResFrameBufferManager.h">
      <Filter>Engine\Header Files\ResourceSystem</Filter>
    </ClInclude>
    <ClInclude Include="..\..\CrossEngine\include\ResourceSystem\CrossResMesh.h">
      <Filter>Engine\Header Files\ResourceSystem</Filter>
    </ClInclude>
    <ClInclude Include="..\..\CrossEngine\include\ResourceSystem\CrossResMeshManager.h">
      <Filter>Engine\Header Files\ResourceSystem</Filter>
    </ClInclude>
    <ClInclude Include="..\..\CrossEngine\include\RenderSystem\CrossDrawableManager.h">
      <Filter>Engine\Header Files\RenderSystem</Filter>
    </ClInclude>
    <ClInclude Include="..\..\CrossEngine\include\RenderSystem\RenderAPI\CrossGfxDescriptorSetLayout.h">
      <Filter>Engine\Header Files\RenderSystem\RenderAPI\Core</Filter>
    </ClInclude>
    <ClInclude Include="..\..\CrossEngine\include\RenderSystem\RenderGLES\CrossGLES3DescriptorSetLayout.h">
      <Filter>Engine\Header Files\RenderSystem\RenderGLES3\Core</Filter>
    </ClInclude>
    <ClInclude Include="..\..\CrossEngine\include\RenderSystem\RenderVulkan\CrossVulkanDescriptorSetLayout.h">
      <Filter>Engine\Header Files\RenderSystem\RenderVulkan\Core</Filter>
    </ClInclude>
    <ClInclude Include="..\..\CrossEngine\src\RenderSystem\RenderGLES\CrossGLES3CommandBindDescriptorSetCompute.h">
      <Filter>Engine\Source Files\RenderSystem\RenderGLES3\Commands</Filter>
    </ClInclude>
    <ClInclude Include="..\..\CrossEngine\src\RenderSystem\RenderGLES\CrossGLES3CommandBindDescriptorSetGraphics.h">
      <Filter>Engine\Source Files\RenderSystem\RenderGLES3\Commands</Filter>
    </ClInclude>
  </ItemGroup>
  <ItemGroup>
    <ClCompile Include="..\..\Dependencies\zzip\dir.c">
      <Filter>Dependencies\zzip</Filter>
    </ClCompile>
    <ClCompile Include="..\..\Dependencies\zzip\err.c">
      <Filter>Dependencies\zzip</Filter>
    </ClCompile>
    <ClCompile Include="..\..\Dependencies\zzip\fetch.c">
      <Filter>Dependencies\zzip</Filter>
    </ClCompile>
    <ClCompile Include="..\..\Dependencies\zzip\file.c">
      <Filter>Dependencies\zzip</Filter>
    </ClCompile>
    <ClCompile Include="..\..\Dependencies\zzip\info.c">
      <Filter>Dependencies\zzip</Filter>
    </ClCompile>
    <ClCompile Include="..\..\Dependencies\zzip\plugin.c">
      <Filter>Dependencies\zzip</Filter>
    </ClCompile>
    <ClCompile Include="..\..\Dependencies\zzip\stat.c">
      <Filter>Dependencies\zzip</Filter>
    </ClCompile>
    <ClCompile Include="..\..\Dependencies\zzip\zip.c">
      <Filter>Dependencies\zzip</Filter>
    </ClCompile>
    <ClCompile Include="..\..\Dependencies\zlib\adler32.c">
      <Filter>Dependencies\zlib</Filter>
    </ClCompile>
    <ClCompile Include="..\..\Dependencies\zlib\compress.c">
      <Filter>Dependencies\zlib</Filter>
    </ClCompile>
    <ClCompile Include="..\..\Dependencies\zlib\crc32.c">
      <Filter>Dependencies\zlib</Filter>
    </ClCompile>
    <ClCompile Include="..\..\Dependencies\zlib\deflate.c">
      <Filter>Dependencies\zlib</Filter>
    </ClCompile>
    <ClCompile Include="..\..\Dependencies\zlib\gzclose.c">
      <Filter>Dependencies\zlib</Filter>
    </ClCompile>
    <ClCompile Include="..\..\Dependencies\zlib\gzlib.c">
      <Filter>Dependencies\zlib</Filter>
    </ClCompile>
    <ClCompile Include="..\..\Dependencies\zlib\gzread.c">
      <Filter>Dependencies\zlib</Filter>
    </ClCompile>
    <ClCompile Include="..\..\Dependencies\zlib\gzwrite.c">
      <Filter>Dependencies\zlib</Filter>
    </ClCompile>
    <ClCompile Include="..\..\Dependencies\zlib\infback.c">
      <Filter>Dependencies\zlib</Filter>
    </ClCompile>
    <ClCompile Include="..\..\Dependencies\zlib\inffast.c">
      <Filter>Dependencies\zlib</Filter>
    </ClCompile>
    <ClCompile Include="..\..\Dependencies\zlib\inflate.c">
      <Filter>Dependencies\zlib</Filter>
    </ClCompile>
    <ClCompile Include="..\..\Dependencies\zlib\inftrees.c">
      <Filter>Dependencies\zlib</Filter>
    </ClCompile>
    <ClCompile Include="..\..\Dependencies\zlib\trees.c">
      <Filter>Dependencies\zlib</Filter>
    </ClCompile>
    <ClCompile Include="..\..\Dependencies\zlib\uncompr.c">
      <Filter>Dependencies\zlib</Filter>
    </ClCompile>
    <ClCompile Include="..\..\Dependencies\zlib\zutil.c">
      <Filter>Dependencies\zlib</Filter>
    </ClCompile>
    <ClCompile Include="..\..\Dependencies\rbtree\rbtree.cpp">
      <Filter>Dependencies\rbtree</Filter>
    </ClCompile>
    <ClCompile Include="..\..\CrossEngine\src\Core\nvwa\debug_new.cpp">
      <Filter>Engine\Source Files\Core\nvwa</Filter>
    </ClCompile>
    <ClCompile Include="..\..\CrossEngine\src\Core\nvwa\operator_new.cpp">
      <Filter>Engine\Source Files\Core\nvwa</Filter>
    </ClCompile>
    <ClCompile Include="..\..\CrossEngine\src\Core\CrossC.cpp">
      <Filter>Engine\Source Files\Core</Filter>
    </ClCompile>
    <ClCompile Include="..\..\CrossEngine\src\Core\CrossLog.cpp">
      <Filter>Engine\Source Files\Core</Filter>
    </ClCompile>
    <ClCompile Include="..\..\CrossEngine\src\Core\CrossMemory.cpp">
      <Filter>Engine\Source Files\Core</Filter>
    </ClCompile>
    <ClCompile Include="..\..\CrossEngine\src\Core\CrossMemoryHeap.cpp">
      <Filter>Engine\Source Files\Core</Filter>
    </ClCompile>
    <ClCompile Include="..\..\CrossEngine\src\Core\CrossMemoryPool.cpp">
      <Filter>Engine\Source Files\Core</Filter>
    </ClCompile>
    <ClCompile Include="..\..\CrossEngine\src\Core\CrossMemoryStack.cpp">
      <Filter>Engine\Source Files\Core</Filter>
    </ClCompile>
    <ClCompile Include="..\..\CrossEngine\src\Core\CrossMemorySystem.cpp">
      <Filter>Engine\Source Files\Core</Filter>
    </ClCompile>
    <ClCompile Include="..\..\CrossEngine\src\Core\CrossStream.cpp">
      <Filter>Engine\Source Files\Core</Filter>
    </ClCompile>
    <ClCompile Include="..\..\CrossEngine\src\Core\CrossUtility.cpp">
      <Filter>Engine\Source Files\Core</Filter>
    </ClCompile>
    <ClCompile Include="..\..\CrossEngine\src\CrossEngine.cpp">
      <Filter>Engine\Source Files</Filter>
    </ClCompile>
    <ClCompile Include="..\..\CrossEngine\src\RenderSystem\RenderVulkan\CrossVulkanHelper.cpp">
      <Filter>Engine\Source Files\RenderSystem\RenderVulkan</Filter>
    </ClCompile>
    <ClCompile Include="..\..\CrossEngine\src\RenderSystem\RenderVulkan\CrossVulkanAllocator.cpp">
      <Filter>Engine\Source Files\RenderSystem\RenderVulkan\Core</Filter>
    </ClCompile>
    <ClCompile Include="..\..\CrossEngine\src\RenderSystem\RenderVulkan\CrossVulkanCommand.cpp">
      <Filter>Engine\Source Files\RenderSystem\RenderVulkan\Core</Filter>
    </ClCompile>
    <ClCompile Include="..\..\CrossEngine\src\RenderSystem\RenderVulkan\CrossVulkanCommandBuffer.cpp">
      <Filter>Engine\Source Files\RenderSystem\RenderVulkan\Core</Filter>
    </ClCompile>
    <ClCompile Include="..\..\CrossEngine\src\RenderSystem\RenderVulkan\CrossVulkanCommandPool.cpp">
      <Filter>Engine\Source Files\RenderSystem\RenderVulkan\Core</Filter>
    </ClCompile>
    <ClCompile Include="..\..\CrossEngine\src\RenderSystem\RenderVulkan\CrossVulkanCommandPoolManager.cpp">
      <Filter>Engine\Source Files\RenderSystem\RenderVulkan\Core</Filter>
    </ClCompile>
    <ClCompile Include="..\..\CrossEngine\src\RenderSystem\RenderVulkan\CrossVulkanDescriptorSetManager.cpp">
      <Filter>Engine\Source Files\RenderSystem\RenderVulkan\Core</Filter>
    </ClCompile>
    <ClCompile Include="..\..\CrossEngine\src\RenderSystem\RenderVulkan\CrossVulkanDevice.cpp">
      <Filter>Engine\Source Files\RenderSystem\RenderVulkan\Core</Filter>
    </ClCompile>
    <ClCompile Include="..\..\CrossEngine\src\RenderSystem\RenderVulkan\CrossVulkanInstance.cpp">
      <Filter>Engine\Source Files\RenderSystem\RenderVulkan\Core</Filter>
    </ClCompile>
    <ClCompile Include="..\..\CrossEngine\src\RenderSystem\RenderVulkan\CrossVulkanMemory.cpp">
      <Filter>Engine\Source Files\RenderSystem\RenderVulkan\Core</Filter>
    </ClCompile>
    <ClCompile Include="..\..\CrossEngine\src\RenderSystem\RenderVulkan\CrossVulkanMemoryAllocator.cpp">
      <Filter>Engine\Source Files\RenderSystem\RenderVulkan\Core</Filter>
    </ClCompile>
    <ClCompile Include="..\..\CrossEngine\src\RenderSystem\RenderVulkan\CrossVulkanMemoryManager.cpp">
      <Filter>Engine\Source Files\RenderSystem\RenderVulkan\Core</Filter>
    </ClCompile>
    <ClCompile Include="..\..\CrossEngine\src\RenderSystem\RenderVulkan\CrossVulkanQueue.cpp">
      <Filter>Engine\Source Files\RenderSystem\RenderVulkan\Core</Filter>
    </ClCompile>
    <ClCompile Include="..\..\CrossEngine\src\RenderSystem\RenderVulkan\CrossVulkanStagingBuffer.cpp">
      <Filter>Engine\Source Files\RenderSystem\RenderVulkan\Core</Filter>
    </ClCompile>
    <ClCompile Include="..\..\CrossEngine\src\RenderSystem\RenderVulkan\CrossVulkanStagingBufferManager.cpp">
      <Filter>Engine\Source Files\RenderSystem\RenderVulkan\Core</Filter>
    </ClCompile>
    <ClCompile Include="..\..\CrossEngine\src\RenderSystem\RenderVulkan\CrossVulkanSwapchain.cpp">
      <Filter>Engine\Source Files\RenderSystem\RenderVulkan\Core</Filter>
    </ClCompile>
    <ClCompile Include="..\..\CrossEngine\src\RenderSystem\RenderVulkan\CrossVulkanBufferManager.cpp">
      <Filter>Engine\Source Files\RenderSystem\RenderVulkan\Resource</Filter>
    </ClCompile>
    <ClCompile Include="..\..\CrossEngine\src\RenderSystem\RenderVulkan\CrossVulkanFrameBufferManager.cpp">
      <Filter>Engine\Source Files\RenderSystem\RenderVulkan\Resource</Filter>
    </ClCompile>
    <ClCompile Include="..\..\CrossEngine\src\RenderSystem\RenderVulkan\CrossVulkanPipelineManager.cpp">
      <Filter>Engine\Source Files\RenderSystem\RenderVulkan\Resource</Filter>
    </ClCompile>
    <ClCompile Include="..\..\CrossEngine\src\RenderSystem\RenderVulkan\CrossVulkanRenderPassManager.cpp">
      <Filter>Engine\Source Files\RenderSystem\RenderVulkan\Resource</Filter>
    </ClCompile>
    <ClCompile Include="..\..\CrossEngine\src\RenderSystem\RenderVulkan\CrossVulkanShaderManager.cpp">
      <Filter>Engine\Source Files\RenderSystem\RenderVulkan\Resource</Filter>
    </ClCompile>
    <ClCompile Include="..\..\CrossEngine\src\RenderSystem\RenderVulkan\CrossVulkanTextureManager.cpp">
      <Filter>Engine\Source Files\RenderSystem\RenderVulkan\Resource</Filter>
    </ClCompile>
    <ClCompile Include="..\..\CrossEngine\src\RenderSystem\RenderVulkan\CrossVulkanBuffer.cpp">
      <Filter>Engine\Source Files\RenderSystem\RenderVulkan\Resource</Filter>
    </ClCompile>
    <ClCompile Include="..\..\CrossEngine\src\RenderSystem\RenderVulkan\CrossVulkanIndexBuffer.cpp">
      <Filter>Engine\Source Files\RenderSystem\RenderVulkan\Resource</Filter>
    </ClCompile>
    <ClCompile Include="..\..\CrossEngine\src\RenderSystem\RenderVulkan\CrossVulkanUniformBuffer.cpp">
      <Filter>Engine\Source Files\RenderSystem\RenderVulkan\Resource</Filter>
    </ClCompile>
    <ClCompile Include="..\..\CrossEngine\src\RenderSystem\RenderVulkan\CrossVulkanVertexBuffer.cpp">
      <Filter>Engine\Source Files\RenderSystem\RenderVulkan\Resource</Filter>
    </ClCompile>
    <ClCompile Include="..\..\CrossEngine\src\RenderSystem\RenderAPI\CrossGfxResource.cpp">
      <Filter>Engine\Source Files\RenderSystem\RenderAPI</Filter>
    </ClCompile>
    <ClCompile Include="..\..\CrossEngine\src\RenderSystem\RenderVulkan\CrossVulkanImage.cpp">
      <Filter>Engine\Source Files\RenderSystem\RenderVulkan\Resource</Filter>
    </ClCompile>
    <ClCompile Include="..\..\CrossEngine\src\RenderSystem\RenderVulkan\CrossVulkanTexture.cpp">
      <Filter>Engine\Source Files\RenderSystem\RenderVulkan\Resource</Filter>
    </ClCompile>
    <ClCompile Include="..\..\CrossEngine\src\RenderSystem\RenderVulkan\CrossVulkanRenderTexture.cpp">
      <Filter>Engine\Source Files\RenderSystem\RenderVulkan\Resource</Filter>
    </ClCompile>
    <ClCompile Include="..\..\CrossEngine\src\RenderSystem\RenderVulkan\CrossVulkanFrameBuffer.cpp">
      <Filter>Engine\Source Files\RenderSystem\RenderVulkan\Resource</Filter>
    </ClCompile>
    <ClCompile Include="..\..\CrossEngine\src\RenderSystem\RenderVulkan\CrossVulkanShader.cpp">
      <Filter>Engine\Source Files\RenderSystem\RenderVulkan\Resource</Filter>
    </ClCompile>
    <ClCompile Include="..\..\CrossEngine\src\RenderSystem\RenderVulkan\CrossVulkanRenderPass.cpp">
      <Filter>Engine\Source Files\RenderSystem\RenderVulkan\Resource</Filter>
    </ClCompile>
    <ClCompile Include="..\..\CrossEngine\src\RenderSystem\RenderVulkan\CrossVulkanPipeline.cpp">
      <Filter>Engine\Source Files\RenderSystem\RenderVulkan\Resource</Filter>
    </ClCompile>
    <ClCompile Include="..\..\CrossEngine\src\RenderSystem\RenderVulkan\CrossVulkanPipelineCompute.cpp">
      <Filter>Engine\Source Files\RenderSystem\RenderVulkan\Resource</Filter>
    </ClCompile>
    <ClCompile Include="..\..\CrossEngine\src\Core\CrossTaskGraph.cpp">
      <Filter>Engine\Source Files\Core</Filter>
    </ClCompile>
    <ClCompile Include="..\..\Dependencies\event\event.cpp">
      <Filter>Dependencies\event</Filter>
    </ClCompile>
    <ClCompile Include="..\..\CrossEngine\src\RenderSystem\RenderVulkan\CrossVulkanPipelineGraphics.cpp">
      <Filter>Engine\Source Files\RenderSystem\RenderVulkan\Resource</Filter>
    </ClCompile>
    <ClCompile Include="..\..\CrossEngine\src\RenderSystem\RenderAPI\CrossGfxDevice.cpp">
      <Filter>Engine\Source Files\RenderSystem\RenderAPI</Filter>
    </ClCompile>
    <ClCompile Include="..\..\CrossEngine\src\RenderSystem\RenderVulkan\CrossVulkanDescriptorPool.cpp">
      <Filter>Engine\Source Files\RenderSystem\RenderVulkan\Core</Filter>
    </ClCompile>
    <ClCompile Include="..\..\CrossEngine\src\RenderSystem\RenderVulkan\CrossVulkanDescriptorSet.cpp">
      <Filter>Engine\Source Files\RenderSystem\RenderVulkan\Core</Filter>
    </ClCompile>
    <ClCompile Include="..\..\CrossEngine\src\RenderSystem\RenderGLES\CrossGLES3Device.cpp">
      <Filter>Engine\Source Files\RenderSystem\RenderGLES3\Core</Filter>
    </ClCompile>
    <ClCompile Include="..\..\CrossEngine\src\RenderSystem\RenderGLES\CrossGLES3Instance.cpp">
      <Filter>Engine\Source Files\RenderSystem\RenderGLES3\Core</Filter>
    </ClCompile>
    <ClCompile Include="..\..\CrossEngine\src\RenderSystem\RenderGLES\CrossGLES3Swapchain.cpp">
      <Filter>Engine\Source Files\RenderSystem\RenderGLES3\Core</Filter>
    </ClCompile>
    <ClCompile Include="..\..\Dependencies\glew\glew.c">
      <Filter>Dependencies\glew</Filter>
    </ClCompile>
    <ClCompile Include="..\..\CrossEngine\src\RenderSystem\RenderGLES\CrossGLES3DeviceProperties.cpp">
      <Filter>Engine\Source Files\RenderSystem\RenderGLES3\Core</Filter>
    </ClCompile>
    <ClCompile Include="..\..\CrossEngine\src\RenderSystem\RenderGLES\CrossGLES3CommandBuffer.cpp">
      <Filter>Engine\Source Files\RenderSystem\RenderGLES3\Core</Filter>
    </ClCompile>
    <ClCompile Include="..\..\CrossEngine\src\RenderSystem\RenderGLES\CrossGLES3Queue.cpp">
      <Filter>Engine\Source Files\RenderSystem\RenderGLES3\Core</Filter>
    </ClCompile>
    <ClCompile Include="..\..\CrossEngine\src\RenderSystem\RenderGLES\CrossGLES3BufferManager.cpp">
      <Filter>Engine\Source Files\RenderSystem\RenderGLES3\Resource</Filter>
    </ClCompile>
    <ClCompile Include="..\..\CrossEngine\src\RenderSystem\RenderGLES\CrossGLES3IndexBuffer.cpp">
      <Filter>Engine\Source Files\RenderSystem\RenderGLES3\Resource</Filter>
    </ClCompile>
    <ClCompile Include="..\..\CrossEngine\src\RenderSystem\RenderGLES\CrossGLES3UniformBuffer.cpp">
      <Filter>Engine\Source Files\RenderSystem\RenderGLES3\Resource</Filter>
    </ClCompile>
    <ClCompile Include="..\..\CrossEngine\src\RenderSystem\RenderGLES\CrossGLES3VertexBuffer.cpp">
      <Filter>Engine\Source Files\RenderSystem\RenderGLES3\Resource</Filter>
    </ClCompile>
    <ClCompile Include="..\..\CrossEngine\src\RenderSystem\RenderGLES\CrossGLES3Helper.cpp">
      <Filter>Engine\Source Files\RenderSystem\RenderGLES3</Filter>
    </ClCompile>
    <ClCompile Include="..\..\CrossEngine\src\RenderSystem\RenderGLES\CrossGLES3Buffer.cpp">
      <Filter>Engine\Source Files\RenderSystem\RenderGLES3\Resource</Filter>
    </ClCompile>
    <ClCompile Include="..\..\CrossEngine\src\RenderSystem\RenderGLES\CrossGLES3Image.cpp">
      <Filter>Engine\Source Files\RenderSystem\RenderGLES3\Resource</Filter>
    </ClCompile>
    <ClCompile Include="..\..\CrossEngine\src\RenderSystem\RenderGLES\CrossGLES3Texture.cpp">
      <Filter>Engine\Source Files\RenderSystem\RenderGLES3\Resource</Filter>
    </ClCompile>
    <ClCompile Include="..\..\CrossEngine\src\RenderSystem\RenderGLES\CrossGLES3RenderTexture.cpp">
      <Filter>Engine\Source Files\RenderSystem\RenderGLES3\Resource</Filter>
    </ClCompile>
    <ClCompile Include="..\..\CrossEngine\src\RenderSystem\RenderGLES\CrossGLES3TextureManager.cpp">
      <Filter>Engine\Source Files\RenderSystem\RenderGLES3\Resource</Filter>
    </ClCompile>
    <ClCompile Include="..\..\CrossEngine\src\RenderSystem\RenderGLES\CrossGLES3FrameBuffer.cpp">
      <Filter>Engine\Source Files\RenderSystem\RenderGLES3\Resource</Filter>
    </ClCompile>
    <ClCompile Include="..\..\CrossEngine\src\RenderSystem\RenderGLES\CrossGLES3FrameBufferManager.cpp">
      <Filter>Engine\Source Files\RenderSystem\RenderGLES3\Resource</Filter>
    </ClCompile>
    <ClCompile Include="..\..\CrossEngine\src\RenderSystem\RenderGLES\CrossGLES3RenderPass.cpp">
      <Filter>Engine\Source Files\RenderSystem\RenderGLES3\Resource</Filter>
    </ClCompile>
    <ClCompile Include="..\..\CrossEngine\src\RenderSystem\RenderGLES\CrossGLES3RenderPassManager.cpp">
      <Filter>Engine\Source Files\RenderSystem\RenderGLES3\Resource</Filter>
    </ClCompile>
    <ClCompile Include="..\..\CrossEngine\src\RenderSystem\RenderGLES\CrossGLES3Shader.cpp">
      <Filter>Engine\Source Files\RenderSystem\RenderGLES3\Resource</Filter>
    </ClCompile>
    <ClCompile Include="..\..\CrossEngine\src\RenderSystem\RenderGLES\CrossGLES3ShaderManager.cpp">
      <Filter>Engine\Source Files\RenderSystem\RenderGLES3\Resource</Filter>
    </ClCompile>
    <ClCompile Include="..\..\Dependencies\spirv-cross\spirv_cfg.cpp">
      <Filter>Dependencies\spirv-cross</Filter>
    </ClCompile>
    <ClCompile Include="..\..\Dependencies\spirv-cross\spirv_cpp.cpp">
      <Filter>Dependencies\spirv-cross</Filter>
    </ClCompile>
    <ClCompile Include="..\..\Dependencies\spirv-cross\spirv_cross.cpp">
      <Filter>Dependencies\spirv-cross</Filter>
    </ClCompile>
    <ClCompile Include="..\..\Dependencies\spirv-cross\spirv_glsl.cpp">
      <Filter>Dependencies\spirv-cross</Filter>
    </ClCompile>
    <ClCompile Include="..\..\Dependencies\spirv-cross\spirv_msl.cpp">
      <Filter>Dependencies\spirv-cross</Filter>
    </ClCompile>
    <ClCompile Include="..\..\CrossEngine\src\RenderSystem\RenderGLES\CrossGLES3Pipeline.cpp">
      <Filter>Engine\Source Files\RenderSystem\RenderGLES3\Resource</Filter>
    </ClCompile>
    <ClCompile Include="..\..\CrossEngine\src\RenderSystem\RenderGLES\CrossGLES3PipelineGraphics.cpp">
      <Filter>Engine\Source Files\RenderSystem\RenderGLES3\Resource</Filter>
    </ClCompile>
    <ClCompile Include="..\..\CrossEngine\src\RenderSystem\RenderGLES\CrossGLES3PipelineCompute.cpp">
      <Filter>Engine\Source Files\RenderSystem\RenderGLES3\Resource</Filter>
    </ClCompile>
    <ClCompile Include="..\..\CrossEngine\src\RenderSystem\RenderGLES\CrossGLES3PipelineManager.cpp">
      <Filter>Engine\Source Files\RenderSystem\RenderGLES3\Resource</Filter>
    </ClCompile>
    <ClCompile Include="..\..\CrossEngine\src\RenderSystem\RenderGLES\CrossGLES3CommandBufferManager.cpp">
      <Filter>Engine\Source Files\RenderSystem\RenderGLES3\Core</Filter>
    </ClCompile>
    <ClCompile Include="..\..\CrossEngine\src\RenderSystem\RenderGLES\CrossGLES3DescriptorSet.cpp">
      <Filter>Engine\Source Files\RenderSystem\RenderGLES3\Core</Filter>
    </ClCompile>
    <ClCompile Include="..\..\CrossEngine\src\RenderSystem\RenderGLES\CrossGLES3DescriptorSetManager.cpp">
      <Filter>Engine\Source Files\RenderSystem\RenderGLES3\Core</Filter>
    </ClCompile>
    <ClCompile Include="..\..\CrossEngine\src\RenderSystem\RenderGLES\CrossGLES3Extent.cpp">
      <Filter>Engine\Source Files\RenderSystem\RenderGLES3\Core</Filter>
    </ClCompile>
    <ClCompile Include="..\..\CrossEngine\src\RenderSystem\glslc\file_includer.cc">
      <Filter>Engine\Source Files\RenderSystem\glslc</Filter>
    </ClCompile>
    <ClCompile Include="..\..\CrossEngine\src\EntitySystem\CrossEntityBase.cpp">
      <Filter>Engine\Source Files\EntitySystem</Filter>
    </ClCompile>
    <ClCompile Include="..\..\CrossEngine\src\EntitySystem\CrossEntityMesh.cpp">
      <Filter>Engine\Source Files\EntitySystem</Filter>
    </ClCompile>
    <ClCompile Include="..\..\Dependencies\tinyxml\tinystr.cpp">
      <Filter>Dependencies\tinyxml</Filter>
    </ClCompile>
    <ClCompile Include="..\..\Dependencies\tinyxml\tinyxml.cpp">
      <Filter>Dependencies\tinyxml</Filter>
    </ClCompile>
    <ClCompile Include="..\..\Dependencies\tinyxml\tinyxmlerror.cpp">
      <Filter>Dependencies\tinyxml</Filter>
    </ClCompile>
    <ClCompile Include="..\..\Dependencies\tinyxml\tinyxmlparser.cpp">
      <Filter>Dependencies\tinyxml</Filter>
    </ClCompile>
    <ClCompile Include="..\..\CrossEngine\src\RenderSystem\CrossRenderSystem.cpp">
      <Filter>Engine\Source Files\RenderSystem</Filter>
    </ClCompile>
    <ClCompile Include="..\..\CrossEngine\src\RenderSystem\CrossRenderQueue.cpp">
      <Filter>Engine\Source Files\RenderSystem</Filter>
    </ClCompile>
    <ClCompile Include="..\..\CrossEngine\src\RenderSystem\CrossDrawable.cpp">
      <Filter>Engine\Source Files\RenderSystem</Filter>
    </ClCompile>
    <ClCompile Include="..\..\CrossEngine\src\RenderSystem\RenderGLES\CrossGLES3Material.cpp">
      <Filter>Engine\Source Files\RenderSystem\RenderGLES3\Resource</Filter>
    </ClCompile>
    <ClCompile Include="..\..\CrossEngine\src\RenderSystem\RenderGLES\CrossGLES3MaterialManager.cpp">
      <Filter>Engine\Source Files\RenderSystem\RenderGLES3\Resource</Filter>
    </ClCompile>
    <ClCompile Include="..\..\CrossEngine\src\RenderSystem\RenderGLES\CrossGLES3MaterialPass.cpp">
      <Filter>Engine\Source Files\RenderSystem\RenderGLES3\Resource</Filter>
    </ClCompile>
    <ClCompile Include="..\..\CrossEngine\src\RenderSystem\RenderVulkan\CrossVulkanMaterial.cpp">
      <Filter>Engine\Source Files\RenderSystem\RenderVulkan\Resource</Filter>
    </ClCompile>
    <ClCompile Include="..\..\CrossEngine\src\RenderSystem\RenderVulkan\CrossVulkanMaterialManager.cpp">
      <Filter>Engine\Source Files\RenderSystem\RenderVulkan\Resource</Filter>
    </ClCompile>
    <ClCompile Include="..\..\CrossEngine\src\RenderSystem\RenderVulkan\CrossVulkanMaterialPass.cpp">
      <Filter>Engine\Source Files\RenderSystem\RenderVulkan\Resource</Filter>
    </ClCompile>
    <ClCompile Include="..\..\CrossEngine\src\RenderSystem\CrossBatchPartical.cpp">
      <Filter>Engine\Source Files\RenderSystem</Filter>
    </ClCompile>
    <ClCompile Include="..\..\CrossEngine\src\RenderSystem\CrossBatchSkinMesh.cpp">
      <Filter>Engine\Source Files\RenderSystem</Filter>
    </ClCompile>
    <ClCompile Include="..\..\CrossEngine\src\RenderSystem\CrossBatchStaticMesh.cpp">
      <Filter>Engine\Source Files\RenderSystem</Filter>
    </ClCompile>
    <ClCompile Include="..\..\CrossEngine\src\RenderSystem\CrossBatch.cpp">
      <Filter>Engine\Source Files\RenderSystem</Filter>
    </ClCompile>
    <ClCompile Include="..\..\CrossEngine\src\RenderSystem\CrossDrawablePartical.cpp">
      <Filter>Engine\Source Files\RenderSystem</Filter>
    </ClCompile>
    <ClCompile Include="..\..\CrossEngine\src\RenderSystem\CrossDrawableSkinMesh.cpp">
      <Filter>Engine\Source Files\RenderSystem</Filter>
    </ClCompile>
    <ClCompile Include="..\..\CrossEngine\src\RenderSystem\CrossDrawableStaticMesh.cpp">
      <Filter>Engine\Source Files\RenderSystem</Filter>
    </ClCompile>
    <ClCompile Include="..\..\CrossEngine\src\RenderSystem\CrossCamera.cpp">
      <Filter>Engine\Source Files\RenderSystem</Filter>
    </ClCompile>
    <ClCompile Include="..\..\CrossEngine\src\RenderSystem\CrossCameraManager.cpp">
      <Filter>Engine\Source Files\RenderSystem</Filter>
    </ClCompile>
    <ClCompile Include="..\..\CrossEngine\src\ResourceSystem\CrossResCompute.cpp">
      <Filter>Engine\Source Files\ResourceSystem</Filter>
    </ClCompile>
    <ClCompile Include="..\..\CrossEngine\src\ResourceSystem\CrossResComputeManager.cpp">
      <Filter>Engine\Source Files\ResourceSystem</Filter>
    </ClCompile>
    <ClCompile Include="..\..\CrossEngine\src\ResourceSystem\CrossResGraphics.cpp">
      <Filter>Engine\Source Files\ResourceSystem</Filter>
    </ClCompile>
    <ClCompile Include="..\..\CrossEngine\src\ResourceSystem\CrossResGraphicsManager.cpp">
      <Filter>Engine\Source Files\ResourceSystem</Filter>
    </ClCompile>
    <ClCompile Include="..\..\CrossEngine\src\ResourceSystem\CrossResMaterial.cpp">
      <Filter>Engine\Source Files\ResourceSystem</Filter>
    </ClCompile>
    <ClCompile Include="..\..\CrossEngine\src\ResourceSystem\CrossResMaterialManager.cpp">
      <Filter>Engine\Source Files\ResourceSystem</Filter>
    </ClCompile>
    <ClCompile Include="..\..\CrossEngine\src\ResourceSystem\CrossResource.cpp">
      <Filter>Engine\Source Files\ResourceSystem</Filter>
    </ClCompile>
    <ClCompile Include="..\..\CrossEngine\src\ResourceSystem\CrossResourceManager.cpp">
      <Filter>Engine\Source Files\ResourceSystem</Filter>
    </ClCompile>
    <ClCompile Include="..\..\CrossEngine\src\ResourceSystem\CrossResourceSystem.cpp">
      <Filter>Engine\Source Files\ResourceSystem</Filter>
    </ClCompile>
    <ClCompile Include="..\..\CrossEngine\src\ResourceSystem\CrossResRenderPass.cpp">
      <Filter>Engine\Source Files\ResourceSystem</Filter>
    </ClCompile>
    <ClCompile Include="..\..\CrossEngine\src\ResourceSystem\CrossResRenderPassManager.cpp">
      <Filter>Engine\Source Files\ResourceSystem</Filter>
    </ClCompile>
    <ClCompile Include="..\..\CrossEngine\src\ResourceSystem\CrossResRenderTexture.cpp">
      <Filter>Engine\Source Files\ResourceSystem</Filter>
    </ClCompile>
    <ClCompile Include="..\..\CrossEngine\src\ResourceSystem\CrossResRenderTextureManager.cpp">
      <Filter>Engine\Source Files\ResourceSystem</Filter>
    </ClCompile>
    <ClCompile Include="..\..\CrossEngine\src\ResourceSystem\CrossResShader.cpp">
      <Filter>Engine\Source Files\ResourceSystem</Filter>
    </ClCompile>
    <ClCompile Include="..\..\CrossEngine\src\ResourceSystem\CrossResShaderManager.cpp">
      <Filter>Engine\Source Files\ResourceSystem</Filter>
    </ClCompile>
    <ClCompile Include="..\..\CrossEngine\src\ResourceSystem\CrossResTexture.cpp">
      <Filter>Engine\Source Files\ResourceSystem</Filter>
    </ClCompile>
    <ClCompile Include="..\..\CrossEngine\src\ResourceSystem\CrossResTextureManager.cpp">
      <Filter>Engine\Source Files\ResourceSystem</Filter>
    </ClCompile>
    <ClCompile Include="..\..\CrossEngine\src\ResourceSystem\CrossResFrameBuffer.cpp">
      <Filter>Engine\Source Files\ResourceSystem</Filter>
    </ClCompile>
    <ClCompile Include="..\..\CrossEngine\src\ResourceSystem\CrossResFrameBufferManager.cpp">
      <Filter>Engine\Source Files\ResourceSystem</Filter>
    </ClCompile>
    <ClCompile Include="..\..\CrossEngine\src\ResourceSystem\CrossResMesh.cpp">
      <Filter>Engine\Source Files\ResourceSystem</Filter>
    </ClCompile>
    <ClCompile Include="..\..\CrossEngine\src\ResourceSystem\CrossResMeshManager.cpp">
      <Filter>Engine\Source Files\ResourceSystem</Filter>
    </ClCompile>
    <ClCompile Include="..\..\CrossEngine\src\RenderSystem\CrossDrawableManager.cpp">
      <Filter>Engine\Source Files\RenderSystem</Filter>
    </ClCompile>
    <ClCompile Include="..\..\CrossEngine\src\RenderSystem\RenderGLES\CrossGLES3DescriptorSetLayout.cpp">
      <Filter>Engine\Source Files\RenderSystem\RenderGLES3\Core</Filter>
    </ClCompile>
    <ClCompile Include="..\..\CrossEngine\src\RenderSystem\RenderVulkan\CrossVulkanDescriptorSetLayout.cpp">
      <Filter>Engine\Source Files\RenderSystem\RenderVulkan\Core</Filter>
    </ClCompile>
  </ItemGroup>
</Project>