<?xml version="1.0" encoding="utf-8"?>
<Project ToolsVersion="4.0" xmlns="http://schemas.microsoft.com/developer/msbuild/2003">
  <ItemGroup>
    <Filter Include="Base">
      <UniqueIdentifier>{7f8ca9b1-b555-42a4-bfd4-1eff011d728d}</UniqueIdentifier>
    </Filter>
    <Filter Include="Base\Header Files">
      <UniqueIdentifier>{93995380-89BD-4b04-88EB-625FBE52EBFB}</UniqueIdentifier>
      <Extensions>h;hh;hpp;hxx;hm;inl;inc;xsd</Extensions>
    </Filter>
    <Filter Include="Base\Resource Files">
      <UniqueIdentifier>{67DA6AB6-F800-4c08-8B7A-83BB121AAD01}</UniqueIdentifier>
      <Extensions>rc;ico;cur;bmp;dlg;rc2;rct;bin;rgs;gif;jpg;jpeg;jpe;resx;tiff;tif;png;wav;mfcribbon-ms</Extensions>
    </Filter>
    <Filter Include="Base\Source Files">
      <UniqueIdentifier>{4FC737F1-C7A5-4376-A066-2A32D752A2FF}</UniqueIdentifier>
      <Extensions>cpp;c;cc;cxx;def;odl;idl;hpj;bat;asm;asmx</Extensions>
    </Filter>
    <Filter Include="Base\Source Files\nvwa">
      <UniqueIdentifier>{f35fc3c6-226c-425a-a0ff-9e5ee244e22a}</UniqueIdentifier>
    </Filter>
  </ItemGroup>
  <ItemGroup>
    <ClInclude Include="..\Base\Base.h">
      <Filter>Base\Header Files</Filter>
    </ClInclude>
    <ClInclude Include="..\Base\Resource.h">
      <Filter>Base\Header Files</Filter>
    </ClInclude>
    <ClInclude Include="..\Base\stdafx.h">
      <Filter>Base\Header Files</Filter>
    </ClInclude>
    <ClInclude Include="..\Base\targetver.h">
      <Filter>Base\Header Files</Filter>
    </ClInclude>
  </ItemGroup>
  <ItemGroup>
    <ClCompile Include="..\Base\Base.cpp">
      <Filter>Base\Source Files</Filter>
    </ClCompile>
    <ClCompile Include="..\Base\stdafx.cpp">
      <Filter>Base\Source Files</Filter>
    </ClCompile>
    <ClCompile Include="..\Base\nvwa\debug_new.cpp">
      <Filter>Base\Source Files\nvwa</Filter>
    </ClCompile>
    <ClCompile Include="..\Base\nvwa\operator_new.cpp">
      <Filter>Base\Source Files\nvwa</Filter>
    </ClCompile>
    <ClCompile Include="Triangle.cpp" />
  </ItemGroup>
  <ItemGroup>
    <Image Include="..\Base\Base.ico">
      <Filter>Base\Resource Files</Filter>
    </Image>
    <Image Include="..\Base\small.ico">
      <Filter>Base\Resource Files</Filter>
    </Image>
  </ItemGroup>
  <ItemGroup>
    <ResourceCompile Include="..\Base\Base.rc">
      <Filter>Base\Resource Files</Filter>
    </ResourceCompile>
  </ItemGroup>
</Project>